// !$*UTF8*$!
{
	archiveVersion = 1;
	classes = {
	};
	objectVersion = 51;
	objects = {

/* Begin PBXBuildFile section */
		673531ABC13759D9C7F0BDA2 /* Pods_MemoryLane_MemoryLaneUITests.framework in Frameworks */ = {isa = PBXBuildFile; fileRef = 5218BFBB68DC4A1477D29CA7 /* Pods_MemoryLane_MemoryLaneUITests.framework */; };
		70059D2725490AD500CBCE5C /* ArrowAnimation.json in Resources */ = {isa = PBXBuildFile; fileRef = 70059D2625490AD500CBCE5C /* ArrowAnimation.json */; };
		70059D3025492C7100CBCE5C /* ThemeSelectionViewController.swift in Sources */ = {isa = PBXBuildFile; fileRef = 70059D2F25492C7100CBCE5C /* ThemeSelectionViewController.swift */; };
		70059D3425494AF100CBCE5C /* CheckAnimation.json in Resources */ = {isa = PBXBuildFile; fileRef = 70059D3325494AF100CBCE5C /* CheckAnimation.json */; };
		70059D3A2549622600CBCE5C /* ThemeObjects.swift in Sources */ = {isa = PBXBuildFile; fileRef = 70059D392549622600CBCE5C /* ThemeObjects.swift */; };
		70059D3E2549661400CBCE5C /* ObjectDetectedSound.mp3 in Resources */ = {isa = PBXBuildFile; fileRef = 70059D3D2549661400CBCE5C /* ObjectDetectedSound.mp3 */; };
		70059D42254969C300CBCE5C /* CassetteAnimation.json in Resources */ = {isa = PBXBuildFile; fileRef = 70059D41254969C300CBCE5C /* CassetteAnimation.json */; };
		70059D4825496A6900CBCE5C /* PlayerViewController.swift in Sources */ = {isa = PBXBuildFile; fileRef = 70059D4725496A6900CBCE5C /* PlayerViewController.swift */; };
		70059D54254A4B1A00CBCE5C /* TVAnimation.json in Resources */ = {isa = PBXBuildFile; fileRef = 70059D53254A4B1900CBCE5C /* TVAnimation.json */; };
		70059D58254A78A800CBCE5C /* UserDataManager.swift in Sources */ = {isa = PBXBuildFile; fileRef = 70059D57254A78A800CBCE5C /* UserDataManager.swift */; };
		70059D62254A938500CBCE5C /* NextAnimation.json in Resources */ = {isa = PBXBuildFile; fileRef = 70059D60254A938400CBCE5C /* NextAnimation.json */; };
		70059D79254B961700CBCE5C /* Memory Lane 1.mlmodel in Sources */ = {isa = PBXBuildFile; fileRef = 70059D78254B961600CBCE5C /* Memory Lane 1.mlmodel */; };
		702CED1A254E1EB9000213F4 /* LikeAnimation.json in Resources */ = {isa = PBXBuildFile; fileRef = 702CED19254E1EB9000213F4 /* LikeAnimation.json */; };
		703D6AE92546BEDC004B7219 /* Buttons.swift in Sources */ = {isa = PBXBuildFile; fileRef = 703D6AE82546BEDC004B7219 /* Buttons.swift */; };
		703D6AF92547FF62004B7219 /* ButtonClickSound.mp3 in Resources */ = {isa = PBXBuildFile; fileRef = 703D6AF82547FF61004B7219 /* ButtonClickSound.mp3 */; };
		703D6AFD2547FFC1004B7219 /* Helper.swift in Sources */ = {isa = PBXBuildFile; fileRef = 703D6AFC2547FFC1004B7219 /* Helper.swift */; };
		703D6B1F25482DC1004B7219 /* IntroViewController.swift in Sources */ = {isa = PBXBuildFile; fileRef = 703D6B1E25482DC1004B7219 /* IntroViewController.swift */; };
		703D6B2325482ED4004B7219 /* IntroDataViewController.swift in Sources */ = {isa = PBXBuildFile; fileRef = 703D6B2225482ED4004B7219 /* IntroDataViewController.swift */; };
		705AC7E7255CC15A0020004A /* Reachability.swift in Sources */ = {isa = PBXBuildFile; fileRef = 705AC7E6255CC15A0020004A /* Reachability.swift */; };
		705B2BFF252C05FF00DDC7B8 /* AppDelegate.swift in Sources */ = {isa = PBXBuildFile; fileRef = 705B2BFE252C05FF00DDC7B8 /* AppDelegate.swift */; };
		705B2C01252C05FF00DDC7B8 /* SceneDelegate.swift in Sources */ = {isa = PBXBuildFile; fileRef = 705B2C00252C05FF00DDC7B8 /* SceneDelegate.swift */; };
		705B2C03252C05FF00DDC7B8 /* SetupViewController.swift in Sources */ = {isa = PBXBuildFile; fileRef = 705B2C02252C05FF00DDC7B8 /* SetupViewController.swift */; };
		705B2C06252C05FF00DDC7B8 /* Main.storyboard in Resources */ = {isa = PBXBuildFile; fileRef = 705B2C04252C05FF00DDC7B8 /* Main.storyboard */; };
		705B2C08252C060200DDC7B8 /* Assets.xcassets in Resources */ = {isa = PBXBuildFile; fileRef = 705B2C07252C060200DDC7B8 /* Assets.xcassets */; };
		705B2C0B252C060200DDC7B8 /* LaunchScreen.storyboard in Resources */ = {isa = PBXBuildFile; fileRef = 705B2C09252C060200DDC7B8 /* LaunchScreen.storyboard */; };
		705B2C16252C060300DDC7B8 /* MemoryLaneTests.swift in Sources */ = {isa = PBXBuildFile; fileRef = 705B2C15252C060300DDC7B8 /* MemoryLaneTests.swift */; };
		705B2C21252C060300DDC7B8 /* MemoryLaneUITests.swift in Sources */ = {isa = PBXBuildFile; fileRef = 705B2C20252C060300DDC7B8 /* MemoryLaneUITests.swift */; };
		70A411FE256624AB00C3827B /* ProfileSelectTableViewController.swift in Sources */ = {isa = PBXBuildFile; fileRef = 70A411FD256624AB00C3827B /* ProfileSelectTableViewController.swift */; };
		70A412652566575100C3827B /* ProfileCell.swift in Sources */ = {isa = PBXBuildFile; fileRef = 70A412642566575000C3827B /* ProfileCell.swift */; };
		70C4EB86253EB5B400799355 /* Double+roundToDecimal.swift in Sources */ = {isa = PBXBuildFile; fileRef = 70C4EB85253EB5B400799355 /* Double+roundToDecimal.swift */; };
		70F2BE74253EB6D300A3B959 /* CALayer+isLight.swift in Sources */ = {isa = PBXBuildFile; fileRef = 70F2BE73253EB6D300A3B959 /* CALayer+isLight.swift */; };
		70F2BE79253EBAE900A3B959 /* UIImage+withAlphaComponent.swift in Sources */ = {isa = PBXBuildFile; fileRef = 70F2BE78253EBAE900A3B959 /* UIImage+withAlphaComponent.swift */; };
		70F2BE7E253EBB8700A3B959 /* UIColor+isLight.swift in Sources */ = {isa = PBXBuildFile; fileRef = 70F2BE7D253EBB8700A3B959 /* UIColor+isLight.swift */; };
		70F2BE83253EBBB900A3B959 /* UIViewController+showToast.swift in Sources */ = {isa = PBXBuildFile; fileRef = 70F2BE82253EBBB900A3B959 /* UIViewController+showToast.swift */; };
		70F2BE8D253F75CA00A3B959 /* CorrectSound.mp3 in Resources */ = {isa = PBXBuildFile; fileRef = 70F2BE8C253F75CA00A3B959 /* CorrectSound.mp3 */; };
		70F63F41254664A100D6AC21 /* Roboto-Medium.ttf in Resources */ = {isa = PBXBuildFile; fileRef = 70F63F34254664A100D6AC21 /* Roboto-Medium.ttf */; };
		70F63F42254664A100D6AC21 /* Roboto-Light.ttf in Resources */ = {isa = PBXBuildFile; fileRef = 70F63F35254664A100D6AC21 /* Roboto-Light.ttf */; };
		70F63F43254664A100D6AC21 /* Roboto-Regular.ttf in Resources */ = {isa = PBXBuildFile; fileRef = 70F63F36254664A100D6AC21 /* Roboto-Regular.ttf */; };
		70F63F44254664A100D6AC21 /* Roboto-MediumItalic.ttf in Resources */ = {isa = PBXBuildFile; fileRef = 70F63F37254664A100D6AC21 /* Roboto-MediumItalic.ttf */; };
		70F63F45254664A100D6AC21 /* Roboto-ThinItalic.ttf in Resources */ = {isa = PBXBuildFile; fileRef = 70F63F38254664A100D6AC21 /* Roboto-ThinItalic.ttf */; };
		70F63F46254664A100D6AC21 /* Roboto-BoldItalic.ttf in Resources */ = {isa = PBXBuildFile; fileRef = 70F63F39254664A100D6AC21 /* Roboto-BoldItalic.ttf */; };
		70F63F47254664A100D6AC21 /* Roboto-LightItalic.ttf in Resources */ = {isa = PBXBuildFile; fileRef = 70F63F3A254664A100D6AC21 /* Roboto-LightItalic.ttf */; };
		70F63F48254664A100D6AC21 /* Roboto-Italic.ttf in Resources */ = {isa = PBXBuildFile; fileRef = 70F63F3B254664A100D6AC21 /* Roboto-Italic.ttf */; };
		70F63F49254664A100D6AC21 /* LICENSE.txt in Resources */ = {isa = PBXBuildFile; fileRef = 70F63F3C254664A100D6AC21 /* LICENSE.txt */; };
		70F63F4A254664A100D6AC21 /* Roboto-BlackItalic.ttf in Resources */ = {isa = PBXBuildFile; fileRef = 70F63F3D254664A100D6AC21 /* Roboto-BlackItalic.ttf */; };
		70F63F4B254664A100D6AC21 /* Roboto-Bold.ttf in Resources */ = {isa = PBXBuildFile; fileRef = 70F63F3E254664A100D6AC21 /* Roboto-Bold.ttf */; };
		70F63F4C254664A100D6AC21 /* Roboto-Thin.ttf in Resources */ = {isa = PBXBuildFile; fileRef = 70F63F3F254664A100D6AC21 /* Roboto-Thin.ttf */; };
		70F63F4D254664A100D6AC21 /* Roboto-Black.ttf in Resources */ = {isa = PBXBuildFile; fileRef = 70F63F40254664A100D6AC21 /* Roboto-Black.ttf */; };
		70F63F532546A15A00D6AC21 /* IntroPageViewController.swift in Sources */ = {isa = PBXBuildFile; fileRef = 70F63F522546A15A00D6AC21 /* IntroPageViewController.swift */; };
		9AB73A039788C09EFBBD7F9F /* Pods_MemoryLane.framework in Frameworks */ = {isa = PBXBuildFile; fileRef = 29615D755798E906E49C2F73 /* Pods_MemoryLane.framework */; };
		B699D613CF3B58B0DCB7F01A /* Pods_MemoryLaneTests.framework in Frameworks */ = {isa = PBXBuildFile; fileRef = 9C8DD2631DCF1ADA595E4C05 /* Pods_MemoryLaneTests.framework */; };
/* End PBXBuildFile section */

/* Begin PBXContainerItemProxy section */
		705B2C12252C060300DDC7B8 /* PBXContainerItemProxy */ = {
			isa = PBXContainerItemProxy;
			containerPortal = 705B2BF3252C05FF00DDC7B8 /* Project object */;
			proxyType = 1;
			remoteGlobalIDString = 705B2BFA252C05FF00DDC7B8;
			remoteInfo = MemoryLane;
		};
		705B2C1D252C060300DDC7B8 /* PBXContainerItemProxy */ = {
			isa = PBXContainerItemProxy;
			containerPortal = 705B2BF3252C05FF00DDC7B8 /* Project object */;
			proxyType = 1;
			remoteGlobalIDString = 705B2BFA252C05FF00DDC7B8;
			remoteInfo = MemoryLane;
		};
/* End PBXContainerItemProxy section */

/* Begin PBXCopyFilesBuildPhase section */
		70DEF5F92541346F00CF91E1 /* Embed Frameworks */ = {
			isa = PBXCopyFilesBuildPhase;
			buildActionMask = 2147483647;
			dstPath = "";
			dstSubfolderSpec = 10;
			files = (
			);
			name = "Embed Frameworks";
			runOnlyForDeploymentPostprocessing = 0;
		};
/* End PBXCopyFilesBuildPhase section */

/* Begin PBXFileReference section */
		1FEDCDB5E60120D983808C56 /* Pods-MemoryLane.debug.xcconfig */ = {isa = PBXFileReference; includeInIndex = 1; lastKnownFileType = text.xcconfig; name = "Pods-MemoryLane.debug.xcconfig"; path = "Target Support Files/Pods-MemoryLane/Pods-MemoryLane.debug.xcconfig"; sourceTree = "<group>"; };
		29615D755798E906E49C2F73 /* Pods_MemoryLane.framework */ = {isa = PBXFileReference; explicitFileType = wrapper.framework; includeInIndex = 0; path = Pods_MemoryLane.framework; sourceTree = BUILT_PRODUCTS_DIR; };
		3734234EA75CDEF3845618EA /* Pods-MemoryLaneTests.release.xcconfig */ = {isa = PBXFileReference; includeInIndex = 1; lastKnownFileType = text.xcconfig; name = "Pods-MemoryLaneTests.release.xcconfig"; path = "Target Support Files/Pods-MemoryLaneTests/Pods-MemoryLaneTests.release.xcconfig"; sourceTree = "<group>"; };
		3788575DB49A853FB45B308F /* Pods-MemoryLane-MemoryLaneUITests.debug.xcconfig */ = {isa = PBXFileReference; includeInIndex = 1; lastKnownFileType = text.xcconfig; name = "Pods-MemoryLane-MemoryLaneUITests.debug.xcconfig"; path = "Target Support Files/Pods-MemoryLane-MemoryLaneUITests/Pods-MemoryLane-MemoryLaneUITests.debug.xcconfig"; sourceTree = "<group>"; };
		466449ADA3ADEF841D379023 /* Pods-MemoryLane-MemoryLaneUITests.release.xcconfig */ = {isa = PBXFileReference; includeInIndex = 1; lastKnownFileType = text.xcconfig; name = "Pods-MemoryLane-MemoryLaneUITests.release.xcconfig"; path = "Target Support Files/Pods-MemoryLane-MemoryLaneUITests/Pods-MemoryLane-MemoryLaneUITests.release.xcconfig"; sourceTree = "<group>"; };
		5218BFBB68DC4A1477D29CA7 /* Pods_MemoryLane_MemoryLaneUITests.framework */ = {isa = PBXFileReference; explicitFileType = wrapper.framework; includeInIndex = 0; path = Pods_MemoryLane_MemoryLaneUITests.framework; sourceTree = BUILT_PRODUCTS_DIR; };
		70059D2625490AD500CBCE5C /* ArrowAnimation.json */ = {isa = PBXFileReference; fileEncoding = 4; lastKnownFileType = text.json; path = ArrowAnimation.json; sourceTree = "<group>"; };
		70059D2F25492C7100CBCE5C /* ThemeSelectionViewController.swift */ = {isa = PBXFileReference; lastKnownFileType = sourcecode.swift; path = ThemeSelectionViewController.swift; sourceTree = "<group>"; };
		70059D3325494AF100CBCE5C /* CheckAnimation.json */ = {isa = PBXFileReference; fileEncoding = 4; lastKnownFileType = text.json; path = CheckAnimation.json; sourceTree = "<group>"; };
		70059D392549622600CBCE5C /* ThemeObjects.swift */ = {isa = PBXFileReference; lastKnownFileType = sourcecode.swift; path = ThemeObjects.swift; sourceTree = "<group>"; };
		70059D3D2549661400CBCE5C /* ObjectDetectedSound.mp3 */ = {isa = PBXFileReference; lastKnownFileType = audio.mp3; path = ObjectDetectedSound.mp3; sourceTree = "<group>"; };
		70059D41254969C300CBCE5C /* CassetteAnimation.json */ = {isa = PBXFileReference; fileEncoding = 4; lastKnownFileType = text.json; path = CassetteAnimation.json; sourceTree = "<group>"; };
		70059D4725496A6900CBCE5C /* PlayerViewController.swift */ = {isa = PBXFileReference; lastKnownFileType = sourcecode.swift; path = PlayerViewController.swift; sourceTree = "<group>"; };
		70059D53254A4B1900CBCE5C /* TVAnimation.json */ = {isa = PBXFileReference; fileEncoding = 4; lastKnownFileType = text.json; path = TVAnimation.json; sourceTree = "<group>"; };
		70059D57254A78A800CBCE5C /* UserDataManager.swift */ = {isa = PBXFileReference; lastKnownFileType = sourcecode.swift; path = UserDataManager.swift; sourceTree = "<group>"; };
		70059D60254A938400CBCE5C /* NextAnimation.json */ = {isa = PBXFileReference; fileEncoding = 4; lastKnownFileType = text.json; path = NextAnimation.json; sourceTree = "<group>"; };
		70059D78254B961600CBCE5C /* Memory Lane 1.mlmodel */ = {isa = PBXFileReference; lastKnownFileType = file.mlmodel; path = "Memory Lane 1.mlmodel"; sourceTree = "<group>"; };
		702CED19254E1EB9000213F4 /* LikeAnimation.json */ = {isa = PBXFileReference; fileEncoding = 4; lastKnownFileType = text.json; path = LikeAnimation.json; sourceTree = "<group>"; };
		703D6AE82546BEDC004B7219 /* Buttons.swift */ = {isa = PBXFileReference; lastKnownFileType = sourcecode.swift; path = Buttons.swift; sourceTree = "<group>"; };
		703D6AF82547FF61004B7219 /* ButtonClickSound.mp3 */ = {isa = PBXFileReference; lastKnownFileType = audio.mp3; path = ButtonClickSound.mp3; sourceTree = "<group>"; };
		703D6AFC2547FFC1004B7219 /* Helper.swift */ = {isa = PBXFileReference; lastKnownFileType = sourcecode.swift; path = Helper.swift; sourceTree = "<group>"; };
		703D6B1E25482DC1004B7219 /* IntroViewController.swift */ = {isa = PBXFileReference; lastKnownFileType = sourcecode.swift; path = IntroViewController.swift; sourceTree = "<group>"; };
		703D6B2225482ED4004B7219 /* IntroDataViewController.swift */ = {isa = PBXFileReference; lastKnownFileType = sourcecode.swift; path = IntroDataViewController.swift; sourceTree = "<group>"; };
		705AC7E6255CC15A0020004A /* Reachability.swift */ = {isa = PBXFileReference; lastKnownFileType = sourcecode.swift; path = Reachability.swift; sourceTree = "<group>"; };
		705B2BFB252C05FF00DDC7B8 /* MemoryLane.app */ = {isa = PBXFileReference; explicitFileType = wrapper.application; includeInIndex = 0; path = MemoryLane.app; sourceTree = BUILT_PRODUCTS_DIR; };
		705B2BFE252C05FF00DDC7B8 /* AppDelegate.swift */ = {isa = PBXFileReference; lastKnownFileType = sourcecode.swift; path = AppDelegate.swift; sourceTree = "<group>"; };
		705B2C00252C05FF00DDC7B8 /* SceneDelegate.swift */ = {isa = PBXFileReference; lastKnownFileType = sourcecode.swift; path = SceneDelegate.swift; sourceTree = "<group>"; };
		705B2C02252C05FF00DDC7B8 /* SetupViewController.swift */ = {isa = PBXFileReference; lastKnownFileType = sourcecode.swift; path = SetupViewController.swift; sourceTree = "<group>"; };
		705B2C05252C05FF00DDC7B8 /* Base */ = {isa = PBXFileReference; lastKnownFileType = file.storyboard; name = Base; path = Base.lproj/Main.storyboard; sourceTree = "<group>"; };
		705B2C07252C060200DDC7B8 /* Assets.xcassets */ = {isa = PBXFileReference; lastKnownFileType = folder.assetcatalog; path = Assets.xcassets; sourceTree = "<group>"; };
		705B2C0A252C060200DDC7B8 /* Base */ = {isa = PBXFileReference; lastKnownFileType = file.storyboard; name = Base; path = Base.lproj/LaunchScreen.storyboard; sourceTree = "<group>"; };
		705B2C0C252C060200DDC7B8 /* Info.plist */ = {isa = PBXFileReference; lastKnownFileType = text.plist.xml; path = Info.plist; sourceTree = "<group>"; };
		705B2C11252C060300DDC7B8 /* MemoryLaneTests.xctest */ = {isa = PBXFileReference; explicitFileType = wrapper.cfbundle; includeInIndex = 0; path = MemoryLaneTests.xctest; sourceTree = BUILT_PRODUCTS_DIR; };
		705B2C15252C060300DDC7B8 /* MemoryLaneTests.swift */ = {isa = PBXFileReference; lastKnownFileType = sourcecode.swift; path = MemoryLaneTests.swift; sourceTree = "<group>"; };
		705B2C17252C060300DDC7B8 /* Info.plist */ = {isa = PBXFileReference; lastKnownFileType = text.plist.xml; path = Info.plist; sourceTree = "<group>"; };
		705B2C1C252C060300DDC7B8 /* MemoryLaneUITests.xctest */ = {isa = PBXFileReference; explicitFileType = wrapper.cfbundle; includeInIndex = 0; path = MemoryLaneUITests.xctest; sourceTree = BUILT_PRODUCTS_DIR; };
		705B2C20252C060300DDC7B8 /* MemoryLaneUITests.swift */ = {isa = PBXFileReference; lastKnownFileType = sourcecode.swift; path = MemoryLaneUITests.swift; sourceTree = "<group>"; };
		705B2C22252C060300DDC7B8 /* Info.plist */ = {isa = PBXFileReference; lastKnownFileType = text.plist.xml; path = Info.plist; sourceTree = "<group>"; };
		70A411FD256624AB00C3827B /* ProfileSelectTableViewController.swift */ = {isa = PBXFileReference; lastKnownFileType = sourcecode.swift; path = ProfileSelectTableViewController.swift; sourceTree = "<group>"; };
		70A412642566575000C3827B /* ProfileCell.swift */ = {isa = PBXFileReference; lastKnownFileType = sourcecode.swift; path = ProfileCell.swift; sourceTree = "<group>"; };
		70C4EB85253EB5B400799355 /* Double+roundToDecimal.swift */ = {isa = PBXFileReference; lastKnownFileType = sourcecode.swift; path = "Double+roundToDecimal.swift"; sourceTree = "<group>"; };
		70F2BE73253EB6D300A3B959 /* CALayer+isLight.swift */ = {isa = PBXFileReference; lastKnownFileType = sourcecode.swift; path = "CALayer+isLight.swift"; sourceTree = "<group>"; };
		70F2BE78253EBAE900A3B959 /* UIImage+withAlphaComponent.swift */ = {isa = PBXFileReference; lastKnownFileType = sourcecode.swift; path = "UIImage+withAlphaComponent.swift"; sourceTree = "<group>"; };
		70F2BE7D253EBB8700A3B959 /* UIColor+isLight.swift */ = {isa = PBXFileReference; lastKnownFileType = sourcecode.swift; name = "UIColor+isLight.swift"; path = "MemoryLane/UIColor+isLight.swift"; sourceTree = SOURCE_ROOT; };
		70F2BE82253EBBB900A3B959 /* UIViewController+showToast.swift */ = {isa = PBXFileReference; lastKnownFileType = sourcecode.swift; name = "UIViewController+showToast.swift"; path = "MemoryLane/UIViewController+showToast.swift"; sourceTree = SOURCE_ROOT; };
		70F2BE8C253F75CA00A3B959 /* CorrectSound.mp3 */ = {isa = PBXFileReference; lastKnownFileType = audio.mp3; path = CorrectSound.mp3; sourceTree = "<group>"; };
		70F63F34254664A100D6AC21 /* Roboto-Medium.ttf */ = {isa = PBXFileReference; lastKnownFileType = file; path = "Roboto-Medium.ttf"; sourceTree = "<group>"; };
		70F63F35254664A100D6AC21 /* Roboto-Light.ttf */ = {isa = PBXFileReference; lastKnownFileType = file; path = "Roboto-Light.ttf"; sourceTree = "<group>"; };
		70F63F36254664A100D6AC21 /* Roboto-Regular.ttf */ = {isa = PBXFileReference; lastKnownFileType = file; path = "Roboto-Regular.ttf"; sourceTree = "<group>"; };
		70F63F37254664A100D6AC21 /* Roboto-MediumItalic.ttf */ = {isa = PBXFileReference; lastKnownFileType = file; path = "Roboto-MediumItalic.ttf"; sourceTree = "<group>"; };
		70F63F38254664A100D6AC21 /* Roboto-ThinItalic.ttf */ = {isa = PBXFileReference; lastKnownFileType = file; path = "Roboto-ThinItalic.ttf"; sourceTree = "<group>"; };
		70F63F39254664A100D6AC21 /* Roboto-BoldItalic.ttf */ = {isa = PBXFileReference; lastKnownFileType = file; path = "Roboto-BoldItalic.ttf"; sourceTree = "<group>"; };
		70F63F3A254664A100D6AC21 /* Roboto-LightItalic.ttf */ = {isa = PBXFileReference; lastKnownFileType = file; path = "Roboto-LightItalic.ttf"; sourceTree = "<group>"; };
		70F63F3B254664A100D6AC21 /* Roboto-Italic.ttf */ = {isa = PBXFileReference; lastKnownFileType = file; path = "Roboto-Italic.ttf"; sourceTree = "<group>"; };
		70F63F3C254664A100D6AC21 /* LICENSE.txt */ = {isa = PBXFileReference; fileEncoding = 4; lastKnownFileType = text; path = LICENSE.txt; sourceTree = "<group>"; };
		70F63F3D254664A100D6AC21 /* Roboto-BlackItalic.ttf */ = {isa = PBXFileReference; lastKnownFileType = file; path = "Roboto-BlackItalic.ttf"; sourceTree = "<group>"; };
		70F63F3E254664A100D6AC21 /* Roboto-Bold.ttf */ = {isa = PBXFileReference; lastKnownFileType = file; path = "Roboto-Bold.ttf"; sourceTree = "<group>"; };
		70F63F3F254664A100D6AC21 /* Roboto-Thin.ttf */ = {isa = PBXFileReference; lastKnownFileType = file; path = "Roboto-Thin.ttf"; sourceTree = "<group>"; };
		70F63F40254664A100D6AC21 /* Roboto-Black.ttf */ = {isa = PBXFileReference; lastKnownFileType = file; path = "Roboto-Black.ttf"; sourceTree = "<group>"; };
		70F63F522546A15A00D6AC21 /* IntroPageViewController.swift */ = {isa = PBXFileReference; lastKnownFileType = sourcecode.swift; path = IntroPageViewController.swift; sourceTree = "<group>"; };
		9C8DD2631DCF1ADA595E4C05 /* Pods_MemoryLaneTests.framework */ = {isa = PBXFileReference; explicitFileType = wrapper.framework; includeInIndex = 0; path = Pods_MemoryLaneTests.framework; sourceTree = BUILT_PRODUCTS_DIR; };
		C1AC7872C482D2C1C5C6D766 /* Pods-MemoryLaneTests.debug.xcconfig */ = {isa = PBXFileReference; includeInIndex = 1; lastKnownFileType = text.xcconfig; name = "Pods-MemoryLaneTests.debug.xcconfig"; path = "Target Support Files/Pods-MemoryLaneTests/Pods-MemoryLaneTests.debug.xcconfig"; sourceTree = "<group>"; };
		D03118EFCC12E36CBF6CC13E /* Pods-MemoryLane.release.xcconfig */ = {isa = PBXFileReference; includeInIndex = 1; lastKnownFileType = text.xcconfig; name = "Pods-MemoryLane.release.xcconfig"; path = "Target Support Files/Pods-MemoryLane/Pods-MemoryLane.release.xcconfig"; sourceTree = "<group>"; };
/* End PBXFileReference section */

/* Begin PBXFrameworksBuildPhase section */
		705B2BF8252C05FF00DDC7B8 /* Frameworks */ = {
			isa = PBXFrameworksBuildPhase;
			buildActionMask = 2147483647;
			files = (
				9AB73A039788C09EFBBD7F9F /* Pods_MemoryLane.framework in Frameworks */,
			);
			runOnlyForDeploymentPostprocessing = 0;
		};
		705B2C0E252C060300DDC7B8 /* Frameworks */ = {
			isa = PBXFrameworksBuildPhase;
			buildActionMask = 2147483647;
			files = (
				B699D613CF3B58B0DCB7F01A /* Pods_MemoryLaneTests.framework in Frameworks */,
			);
			runOnlyForDeploymentPostprocessing = 0;
		};
		705B2C19252C060300DDC7B8 /* Frameworks */ = {
			isa = PBXFrameworksBuildPhase;
			buildActionMask = 2147483647;
			files = (
				673531ABC13759D9C7F0BDA2 /* Pods_MemoryLane_MemoryLaneUITests.framework in Frameworks */,
			);
			runOnlyForDeploymentPostprocessing = 0;
		};
/* End PBXFrameworksBuildPhase section */

/* Begin PBXGroup section */
		3EEC135AFA212105855E8917 /* Frameworks */ = {
			isa = PBXGroup;
			children = (
				29615D755798E906E49C2F73 /* Pods_MemoryLane.framework */,
				5218BFBB68DC4A1477D29CA7 /* Pods_MemoryLane_MemoryLaneUITests.framework */,
				9C8DD2631DCF1ADA595E4C05 /* Pods_MemoryLaneTests.framework */,
			);
			name = Frameworks;
			sourceTree = "<group>";
		};
		70059D2A25490C8800CBCE5C /* Animations */ = {
			isa = PBXGroup;
			children = (
				70059D53254A4B1900CBCE5C /* TVAnimation.json */,
				70059D60254A938400CBCE5C /* NextAnimation.json */,
				70059D41254969C300CBCE5C /* CassetteAnimation.json */,
				70059D3325494AF100CBCE5C /* CheckAnimation.json */,
				702CED19254E1EB9000213F4 /* LikeAnimation.json */,
				70059D2625490AD500CBCE5C /* ArrowAnimation.json */,
			);
			path = Animations;
			sourceTree = "<group>";
		};
		705B2BF2252C05FF00DDC7B8 = {
			isa = PBXGroup;
			children = (
				705B2BFD252C05FF00DDC7B8 /* MemoryLane */,
				705B2C14252C060300DDC7B8 /* MemoryLaneTests */,
				705B2C1F252C060300DDC7B8 /* MemoryLaneUITests */,
				705B2BFC252C05FF00DDC7B8 /* Products */,
				BA00AD492D76F66975F27051 /* Pods */,
				3EEC135AFA212105855E8917 /* Frameworks */,
			);
			sourceTree = "<group>";
		};
		705B2BFC252C05FF00DDC7B8 /* Products */ = {
			isa = PBXGroup;
			children = (
				705B2BFB252C05FF00DDC7B8 /* MemoryLane.app */,
				705B2C11252C060300DDC7B8 /* MemoryLaneTests.xctest */,
				705B2C1C252C060300DDC7B8 /* MemoryLaneUITests.xctest */,
			);
			name = Products;
			sourceTree = "<group>";
		};
		705B2BFD252C05FF00DDC7B8 /* MemoryLane */ = {
			isa = PBXGroup;
			children = (
				70059D2A25490C8800CBCE5C /* Animations */,
				70F63F33254664A100D6AC21 /* Fonts */,
				70F2BE87253F749700A3B959 /* Audio */,
				70C4EB84253EB4FC00799355 /* Extensions */,
				705B2BFE252C05FF00DDC7B8 /* AppDelegate.swift */,
				705B2C04252C05FF00DDC7B8 /* Main.storyboard */,
				70059D78254B961600CBCE5C /* Memory Lane 1.mlmodel */,
				705B2C00252C05FF00DDC7B8 /* SceneDelegate.swift */,
				705B2C02252C05FF00DDC7B8 /* SetupViewController.swift */,
				705B2C07252C060200DDC7B8 /* Assets.xcassets */,
				705B2C09252C060200DDC7B8 /* LaunchScreen.storyboard */,
				705B2C0C252C060200DDC7B8 /* Info.plist */,
				70059D2F25492C7100CBCE5C /* ThemeSelectionViewController.swift */,
				70F63F522546A15A00D6AC21 /* IntroPageViewController.swift */,
				703D6B1E25482DC1004B7219 /* IntroViewController.swift */,
				703D6B2225482ED4004B7219 /* IntroDataViewController.swift */,
				703D6AE82546BEDC004B7219 /* Buttons.swift */,
				70059D392549622600CBCE5C /* ThemeObjects.swift */,
				703D6AFC2547FFC1004B7219 /* Helper.swift */,
				70059D4725496A6900CBCE5C /* PlayerViewController.swift */,
				70059D57254A78A800CBCE5C /* UserDataManager.swift */,
				705AC7E6255CC15A0020004A /* Reachability.swift */,
				70A411FD256624AB00C3827B /* ProfileSelectTableViewController.swift */,
				70A412642566575000C3827B /* ProfileCell.swift */,
			);
			path = MemoryLane;
			sourceTree = "<group>";
		};
		705B2C14252C060300DDC7B8 /* MemoryLaneTests */ = {
			isa = PBXGroup;
			children = (
				705B2C15252C060300DDC7B8 /* MemoryLaneTests.swift */,
				705B2C17252C060300DDC7B8 /* Info.plist */,
			);
			path = MemoryLaneTests;
			sourceTree = "<group>";
		};
		705B2C1F252C060300DDC7B8 /* MemoryLaneUITests */ = {
			isa = PBXGroup;
			children = (
				705B2C20252C060300DDC7B8 /* MemoryLaneUITests.swift */,
				705B2C22252C060300DDC7B8 /* Info.plist */,
			);
			path = MemoryLaneUITests;
			sourceTree = "<group>";
		};
		70C4EB84253EB4FC00799355 /* Extensions */ = {
			isa = PBXGroup;
			children = (
				70F2BE82253EBBB900A3B959 /* UIViewController+showToast.swift */,
				70F2BE7D253EBB8700A3B959 /* UIColor+isLight.swift */,
				70C4EB85253EB5B400799355 /* Double+roundToDecimal.swift */,
				70F2BE73253EB6D300A3B959 /* CALayer+isLight.swift */,
				70F2BE78253EBAE900A3B959 /* UIImage+withAlphaComponent.swift */,
			);
			path = Extensions;
			sourceTree = "<group>";
		};
		70F2BE87253F749700A3B959 /* Audio */ = {
			isa = PBXGroup;
			children = (
				70059D3D2549661400CBCE5C /* ObjectDetectedSound.mp3 */,
				703D6AF82547FF61004B7219 /* ButtonClickSound.mp3 */,
				70F2BE8C253F75CA00A3B959 /* CorrectSound.mp3 */,
			);
			path = Audio;
			sourceTree = "<group>";
		};
		70F63F33254664A100D6AC21 /* Fonts */ = {
			isa = PBXGroup;
			children = (
				70F63F34254664A100D6AC21 /* Roboto-Medium.ttf */,
				70F63F35254664A100D6AC21 /* Roboto-Light.ttf */,
				70F63F36254664A100D6AC21 /* Roboto-Regular.ttf */,
				70F63F37254664A100D6AC21 /* Roboto-MediumItalic.ttf */,
				70F63F38254664A100D6AC21 /* Roboto-ThinItalic.ttf */,
				70F63F39254664A100D6AC21 /* Roboto-BoldItalic.ttf */,
				70F63F3A254664A100D6AC21 /* Roboto-LightItalic.ttf */,
				70F63F3B254664A100D6AC21 /* Roboto-Italic.ttf */,
				70F63F3C254664A100D6AC21 /* LICENSE.txt */,
				70F63F3D254664A100D6AC21 /* Roboto-BlackItalic.ttf */,
				70F63F3E254664A100D6AC21 /* Roboto-Bold.ttf */,
				70F63F3F254664A100D6AC21 /* Roboto-Thin.ttf */,
				70F63F40254664A100D6AC21 /* Roboto-Black.ttf */,
			);
			path = Fonts;
			sourceTree = "<group>";
		};
		BA00AD492D76F66975F27051 /* Pods */ = {
			isa = PBXGroup;
			children = (
				1FEDCDB5E60120D983808C56 /* Pods-MemoryLane.debug.xcconfig */,
				D03118EFCC12E36CBF6CC13E /* Pods-MemoryLane.release.xcconfig */,
				3788575DB49A853FB45B308F /* Pods-MemoryLane-MemoryLaneUITests.debug.xcconfig */,
				466449ADA3ADEF841D379023 /* Pods-MemoryLane-MemoryLaneUITests.release.xcconfig */,
				C1AC7872C482D2C1C5C6D766 /* Pods-MemoryLaneTests.debug.xcconfig */,
				3734234EA75CDEF3845618EA /* Pods-MemoryLaneTests.release.xcconfig */,
			);
			path = Pods;
			sourceTree = "<group>";
		};
/* End PBXGroup section */

/* Begin PBXNativeTarget section */
		705B2BFA252C05FF00DDC7B8 /* MemoryLane */ = {
			isa = PBXNativeTarget;
			buildConfigurationList = 705B2C25252C060300DDC7B8 /* Build configuration list for PBXNativeTarget "MemoryLane" */;
			buildPhases = (
				2FF2D12DD3DD37F7366C33ED /* [CP] Check Pods Manifest.lock */,
				705B2BF7252C05FF00DDC7B8 /* Sources */,
				705B2BF8252C05FF00DDC7B8 /* Frameworks */,
				705B2BF9252C05FF00DDC7B8 /* Resources */,
				70DEF5F92541346F00CF91E1 /* Embed Frameworks */,
				A8728ED5AEF4487B6C581164 /* [CP] Embed Pods Frameworks */,
			);
			buildRules = (
			);
			dependencies = (
			);
			name = MemoryLane;
			productName = MemoryLane;
			productReference = 705B2BFB252C05FF00DDC7B8 /* MemoryLane.app */;
			productType = "com.apple.product-type.application";
		};
		705B2C10252C060300DDC7B8 /* MemoryLaneTests */ = {
			isa = PBXNativeTarget;
			buildConfigurationList = 705B2C28252C060300DDC7B8 /* Build configuration list for PBXNativeTarget "MemoryLaneTests" */;
			buildPhases = (
				D0C693A2AAFA2071185CAEBD /* [CP] Check Pods Manifest.lock */,
				705B2C0D252C060300DDC7B8 /* Sources */,
				705B2C0E252C060300DDC7B8 /* Frameworks */,
				705B2C0F252C060300DDC7B8 /* Resources */,
			);
			buildRules = (
			);
			dependencies = (
				705B2C13252C060300DDC7B8 /* PBXTargetDependency */,
			);
			name = MemoryLaneTests;
			productName = MemoryLaneTests;
			productReference = 705B2C11252C060300DDC7B8 /* MemoryLaneTests.xctest */;
			productType = "com.apple.product-type.bundle.unit-test";
		};
		705B2C1B252C060300DDC7B8 /* MemoryLaneUITests */ = {
			isa = PBXNativeTarget;
			buildConfigurationList = 705B2C2B252C060300DDC7B8 /* Build configuration list for PBXNativeTarget "MemoryLaneUITests" */;
			buildPhases = (
				C35582F2C8E7C3D8C2868C35 /* [CP] Check Pods Manifest.lock */,
				705B2C18252C060300DDC7B8 /* Sources */,
				705B2C19252C060300DDC7B8 /* Frameworks */,
				705B2C1A252C060300DDC7B8 /* Resources */,
				5B56CE7811A18F6AE28A07E3 /* [CP] Embed Pods Frameworks */,
			);
			buildRules = (
			);
			dependencies = (
				705B2C1E252C060300DDC7B8 /* PBXTargetDependency */,
			);
			name = MemoryLaneUITests;
			productName = MemoryLaneUITests;
			productReference = 705B2C1C252C060300DDC7B8 /* MemoryLaneUITests.xctest */;
			productType = "com.apple.product-type.bundle.ui-testing";
		};
/* End PBXNativeTarget section */

/* Begin PBXProject section */
		705B2BF3252C05FF00DDC7B8 /* Project object */ = {
			isa = PBXProject;
			attributes = {
				LastSwiftUpdateCheck = 1200;
				LastUpgradeCheck = 1200;
				TargetAttributes = {
					705B2BFA252C05FF00DDC7B8 = {
						CreatedOnToolsVersion = 12.0.1;
					};
					705B2C10252C060300DDC7B8 = {
						CreatedOnToolsVersion = 12.0.1;
						TestTargetID = 705B2BFA252C05FF00DDC7B8;
					};
					705B2C1B252C060300DDC7B8 = {
						CreatedOnToolsVersion = 12.0.1;
						TestTargetID = 705B2BFA252C05FF00DDC7B8;
					};
				};
			};
			buildConfigurationList = 705B2BF6252C05FF00DDC7B8 /* Build configuration list for PBXProject "MemoryLane" */;
			compatibilityVersion = "Xcode 9.3";
			developmentRegion = en;
			hasScannedForEncodings = 0;
			knownRegions = (
				en,
				Base,
			);
			mainGroup = 705B2BF2252C05FF00DDC7B8;
			productRefGroup = 705B2BFC252C05FF00DDC7B8 /* Products */;
			projectDirPath = "";
			projectRoot = "";
			targets = (
				705B2BFA252C05FF00DDC7B8 /* MemoryLane */,
				705B2C10252C060300DDC7B8 /* MemoryLaneTests */,
				705B2C1B252C060300DDC7B8 /* MemoryLaneUITests */,
			);
		};
/* End PBXProject section */

/* Begin PBXResourcesBuildPhase section */
		705B2BF9252C05FF00DDC7B8 /* Resources */ = {
			isa = PBXResourcesBuildPhase;
			buildActionMask = 2147483647;
			files = (
				70F63F4C254664A100D6AC21 /* Roboto-Thin.ttf in Resources */,
				70F63F41254664A100D6AC21 /* Roboto-Medium.ttf in Resources */,
				70F63F48254664A100D6AC21 /* Roboto-Italic.ttf in Resources */,
				70F63F4B254664A100D6AC21 /* Roboto-Bold.ttf in Resources */,
				70059D3E2549661400CBCE5C /* ObjectDetectedSound.mp3 in Resources */,
				70F63F47254664A100D6AC21 /* Roboto-LightItalic.ttf in Resources */,
				70F63F4D254664A100D6AC21 /* Roboto-Black.ttf in Resources */,
				70F63F4A254664A100D6AC21 /* Roboto-BlackItalic.ttf in Resources */,
				70F63F43254664A100D6AC21 /* Roboto-Regular.ttf in Resources */,
				705B2C0B252C060200DDC7B8 /* LaunchScreen.storyboard in Resources */,
				70F63F49254664A100D6AC21 /* LICENSE.txt in Resources */,
				70F63F42254664A100D6AC21 /* Roboto-Light.ttf in Resources */,
				703D6AF92547FF62004B7219 /* ButtonClickSound.mp3 in Resources */,
				70F63F44254664A100D6AC21 /* Roboto-MediumItalic.ttf in Resources */,
				70059D3425494AF100CBCE5C /* CheckAnimation.json in Resources */,
				70F2BE8D253F75CA00A3B959 /* CorrectSound.mp3 in Resources */,
				702CED1A254E1EB9000213F4 /* LikeAnimation.json in Resources */,
				70059D54254A4B1A00CBCE5C /* TVAnimation.json in Resources */,
				70F63F45254664A100D6AC21 /* Roboto-ThinItalic.ttf in Resources */,
				70059D2725490AD500CBCE5C /* ArrowAnimation.json in Resources */,
				705B2C08252C060200DDC7B8 /* Assets.xcassets in Resources */,
				70059D62254A938500CBCE5C /* NextAnimation.json in Resources */,
				70F63F46254664A100D6AC21 /* Roboto-BoldItalic.ttf in Resources */,
				70059D42254969C300CBCE5C /* CassetteAnimation.json in Resources */,
				705B2C06252C05FF00DDC7B8 /* Main.storyboard in Resources */,
			);
			runOnlyForDeploymentPostprocessing = 0;
		};
		705B2C0F252C060300DDC7B8 /* Resources */ = {
			isa = PBXResourcesBuildPhase;
			buildActionMask = 2147483647;
			files = (
			);
			runOnlyForDeploymentPostprocessing = 0;
		};
		705B2C1A252C060300DDC7B8 /* Resources */ = {
			isa = PBXResourcesBuildPhase;
			buildActionMask = 2147483647;
			files = (
			);
			runOnlyForDeploymentPostprocessing = 0;
		};
/* End PBXResourcesBuildPhase section */

/* Begin PBXShellScriptBuildPhase section */
		2FF2D12DD3DD37F7366C33ED /* [CP] Check Pods Manifest.lock */ = {
			isa = PBXShellScriptBuildPhase;
			buildActionMask = 2147483647;
			files = (
			);
			inputFileListPaths = (
			);
			inputPaths = (
				"${PODS_PODFILE_DIR_PATH}/Podfile.lock",
				"${PODS_ROOT}/Manifest.lock",
			);
			name = "[CP] Check Pods Manifest.lock";
			outputFileListPaths = (
			);
			outputPaths = (
				"$(DERIVED_FILE_DIR)/Pods-MemoryLane-checkManifestLockResult.txt",
			);
			runOnlyForDeploymentPostprocessing = 0;
			shellPath = /bin/sh;
			shellScript = "diff \"${PODS_PODFILE_DIR_PATH}/Podfile.lock\" \"${PODS_ROOT}/Manifest.lock\" > /dev/null\nif [ $? != 0 ] ; then\n    # print error to STDERR\n    echo \"error: The sandbox is not in sync with the Podfile.lock. Run 'pod install' or update your CocoaPods installation.\" >&2\n    exit 1\nfi\n# This output is used by Xcode 'outputs' to avoid re-running this script phase.\necho \"SUCCESS\" > \"${SCRIPT_OUTPUT_FILE_0}\"\n";
			showEnvVarsInLog = 0;
		};
		5B56CE7811A18F6AE28A07E3 /* [CP] Embed Pods Frameworks */ = {
			isa = PBXShellScriptBuildPhase;
			buildActionMask = 2147483647;
			files = (
			);
			inputFileListPaths = (
				"${PODS_ROOT}/Target Support Files/Pods-MemoryLane-MemoryLaneUITests/Pods-MemoryLane-MemoryLaneUITests-frameworks-${CONFIGURATION}-input-files.xcfilelist",
			);
			name = "[CP] Embed Pods Frameworks";
			outputFileListPaths = (
				"${PODS_ROOT}/Target Support Files/Pods-MemoryLane-MemoryLaneUITests/Pods-MemoryLane-MemoryLaneUITests-frameworks-${CONFIGURATION}-output-files.xcfilelist",
			);
			runOnlyForDeploymentPostprocessing = 0;
			shellPath = /bin/sh;
			shellScript = "\"${PODS_ROOT}/Target Support Files/Pods-MemoryLane-MemoryLaneUITests/Pods-MemoryLane-MemoryLaneUITests-frameworks.sh\"\n";
			showEnvVarsInLog = 0;
		};
		A8728ED5AEF4487B6C581164 /* [CP] Embed Pods Frameworks */ = {
			isa = PBXShellScriptBuildPhase;
			buildActionMask = 2147483647;
			files = (
			);
			inputFileListPaths = (
				"${PODS_ROOT}/Target Support Files/Pods-MemoryLane/Pods-MemoryLane-frameworks-${CONFIGURATION}-input-files.xcfilelist",
			);
			name = "[CP] Embed Pods Frameworks";
			outputFileListPaths = (
				"${PODS_ROOT}/Target Support Files/Pods-MemoryLane/Pods-MemoryLane-frameworks-${CONFIGURATION}-output-files.xcfilelist",
			);
			runOnlyForDeploymentPostprocessing = 0;
			shellPath = /bin/sh;
			shellScript = "\"${PODS_ROOT}/Target Support Files/Pods-MemoryLane/Pods-MemoryLane-frameworks.sh\"\n";
			showEnvVarsInLog = 0;
		};
		C35582F2C8E7C3D8C2868C35 /* [CP] Check Pods Manifest.lock */ = {
			isa = PBXShellScriptBuildPhase;
			buildActionMask = 2147483647;
			files = (
			);
			inputFileListPaths = (
			);
			inputPaths = (
				"${PODS_PODFILE_DIR_PATH}/Podfile.lock",
				"${PODS_ROOT}/Manifest.lock",
			);
			name = "[CP] Check Pods Manifest.lock";
			outputFileListPaths = (
			);
			outputPaths = (
				"$(DERIVED_FILE_DIR)/Pods-MemoryLane-MemoryLaneUITests-checkManifestLockResult.txt",
			);
			runOnlyForDeploymentPostprocessing = 0;
			shellPath = /bin/sh;
			shellScript = "diff \"${PODS_PODFILE_DIR_PATH}/Podfile.lock\" \"${PODS_ROOT}/Manifest.lock\" > /dev/null\nif [ $? != 0 ] ; then\n    # print error to STDERR\n    echo \"error: The sandbox is not in sync with the Podfile.lock. Run 'pod install' or update your CocoaPods installation.\" >&2\n    exit 1\nfi\n# This output is used by Xcode 'outputs' to avoid re-running this script phase.\necho \"SUCCESS\" > \"${SCRIPT_OUTPUT_FILE_0}\"\n";
			showEnvVarsInLog = 0;
		};
		D0C693A2AAFA2071185CAEBD /* [CP] Check Pods Manifest.lock */ = {
			isa = PBXShellScriptBuildPhase;
			buildActionMask = 2147483647;
			files = (
			);
			inputFileListPaths = (
			);
			inputPaths = (
				"${PODS_PODFILE_DIR_PATH}/Podfile.lock",
				"${PODS_ROOT}/Manifest.lock",
			);
			name = "[CP] Check Pods Manifest.lock";
			outputFileListPaths = (
			);
			outputPaths = (
				"$(DERIVED_FILE_DIR)/Pods-MemoryLaneTests-checkManifestLockResult.txt",
			);
			runOnlyForDeploymentPostprocessing = 0;
			shellPath = /bin/sh;
			shellScript = "diff \"${PODS_PODFILE_DIR_PATH}/Podfile.lock\" \"${PODS_ROOT}/Manifest.lock\" > /dev/null\nif [ $? != 0 ] ; then\n    # print error to STDERR\n    echo \"error: The sandbox is not in sync with the Podfile.lock. Run 'pod install' or update your CocoaPods installation.\" >&2\n    exit 1\nfi\n# This output is used by Xcode 'outputs' to avoid re-running this script phase.\necho \"SUCCESS\" > \"${SCRIPT_OUTPUT_FILE_0}\"\n";
			showEnvVarsInLog = 0;
		};
/* End PBXShellScriptBuildPhase section */

/* Begin PBXSourcesBuildPhase section */
		705B2BF7252C05FF00DDC7B8 /* Sources */ = {
			isa = PBXSourcesBuildPhase;
			buildActionMask = 2147483647;
			files = (
				70F2BE74253EB6D300A3B959 /* CALayer+isLight.swift in Sources */,
				70F63F532546A15A00D6AC21 /* IntroPageViewController.swift in Sources */,
				705AC7E7255CC15A0020004A /* Reachability.swift in Sources */,
				703D6AFD2547FFC1004B7219 /* Helper.swift in Sources */,
				70F2BE7E253EBB8700A3B959 /* UIColor+isLight.swift in Sources */,
				705B2C03252C05FF00DDC7B8 /* SetupViewController.swift in Sources */,
				705B2BFF252C05FF00DDC7B8 /* AppDelegate.swift in Sources */,
				70059D4825496A6900CBCE5C /* PlayerViewController.swift in Sources */,
				70059D3025492C7100CBCE5C /* ThemeSelectionViewController.swift in Sources */,
				70059D3A2549622600CBCE5C /* ThemeObjects.swift in Sources */,
				70C4EB86253EB5B400799355 /* Double+roundToDecimal.swift in Sources */,
				70059D79254B961700CBCE5C /* Memory Lane 1.mlmodel in Sources */,
				70A411FE256624AB00C3827B /* ProfileSelectTableViewController.swift in Sources */,
				703D6B2325482ED4004B7219 /* IntroDataViewController.swift in Sources */,
				70F2BE83253EBBB900A3B959 /* UIViewController+showToast.swift in Sources */,
				70059D58254A78A800CBCE5C /* UserDataManager.swift in Sources */,
				70F2BE79253EBAE900A3B959 /* UIImage+withAlphaComponent.swift in Sources */,
				705B2C01252C05FF00DDC7B8 /* SceneDelegate.swift in Sources */,
				703D6AE92546BEDC004B7219 /* Buttons.swift in Sources */,
				703D6B1F25482DC1004B7219 /* IntroViewController.swift in Sources */,
				70A412652566575100C3827B /* ProfileCell.swift in Sources */,
			);
			runOnlyForDeploymentPostprocessing = 0;
		};
		705B2C0D252C060300DDC7B8 /* Sources */ = {
			isa = PBXSourcesBuildPhase;
			buildActionMask = 2147483647;
			files = (
				705B2C16252C060300DDC7B8 /* MemoryLaneTests.swift in Sources */,
			);
			runOnlyForDeploymentPostprocessing = 0;
		};
		705B2C18252C060300DDC7B8 /* Sources */ = {
			isa = PBXSourcesBuildPhase;
			buildActionMask = 2147483647;
			files = (
				705B2C21252C060300DDC7B8 /* MemoryLaneUITests.swift in Sources */,
			);
			runOnlyForDeploymentPostprocessing = 0;
		};
/* End PBXSourcesBuildPhase section */

/* Begin PBXTargetDependency section */
		705B2C13252C060300DDC7B8 /* PBXTargetDependency */ = {
			isa = PBXTargetDependency;
			target = 705B2BFA252C05FF00DDC7B8 /* MemoryLane */;
			targetProxy = 705B2C12252C060300DDC7B8 /* PBXContainerItemProxy */;
		};
		705B2C1E252C060300DDC7B8 /* PBXTargetDependency */ = {
			isa = PBXTargetDependency;
			target = 705B2BFA252C05FF00DDC7B8 /* MemoryLane */;
			targetProxy = 705B2C1D252C060300DDC7B8 /* PBXContainerItemProxy */;
		};
/* End PBXTargetDependency section */

/* Begin PBXVariantGroup section */
		705B2C04252C05FF00DDC7B8 /* Main.storyboard */ = {
			isa = PBXVariantGroup;
			children = (
				705B2C05252C05FF00DDC7B8 /* Base */,
			);
			name = Main.storyboard;
			sourceTree = "<group>";
		};
		705B2C09252C060200DDC7B8 /* LaunchScreen.storyboard */ = {
			isa = PBXVariantGroup;
			children = (
				705B2C0A252C060200DDC7B8 /* Base */,
			);
			name = LaunchScreen.storyboard;
			sourceTree = "<group>";
		};
/* End PBXVariantGroup section */

/* Begin XCBuildConfiguration section */
		705B2C23252C060300DDC7B8 /* Debug */ = {
			isa = XCBuildConfiguration;
			buildSettings = {
				ALWAYS_SEARCH_USER_PATHS = NO;
				CLANG_ANALYZER_NONNULL = YES;
				CLANG_ANALYZER_NUMBER_OBJECT_CONVERSION = YES_AGGRESSIVE;
				CLANG_CXX_LANGUAGE_STANDARD = "gnu++14";
				CLANG_CXX_LIBRARY = "libc++";
				CLANG_ENABLE_MODULES = YES;
				CLANG_ENABLE_OBJC_ARC = YES;
				CLANG_ENABLE_OBJC_WEAK = YES;
				CLANG_WARN_BLOCK_CAPTURE_AUTORELEASING = YES;
				CLANG_WARN_BOOL_CONVERSION = YES;
				CLANG_WARN_COMMA = YES;
				CLANG_WARN_CONSTANT_CONVERSION = YES;
				CLANG_WARN_DEPRECATED_OBJC_IMPLEMENTATIONS = YES;
				CLANG_WARN_DIRECT_OBJC_ISA_USAGE = YES_ERROR;
				CLANG_WARN_DOCUMENTATION_COMMENTS = YES;
				CLANG_WARN_EMPTY_BODY = YES;
				CLANG_WARN_ENUM_CONVERSION = YES;
				CLANG_WARN_INFINITE_RECURSION = YES;
				CLANG_WARN_INT_CONVERSION = YES;
				CLANG_WARN_NON_LITERAL_NULL_CONVERSION = YES;
				CLANG_WARN_OBJC_IMPLICIT_RETAIN_SELF = YES;
				CLANG_WARN_OBJC_LITERAL_CONVERSION = YES;
				CLANG_WARN_OBJC_ROOT_CLASS = YES_ERROR;
				CLANG_WARN_QUOTED_INCLUDE_IN_FRAMEWORK_HEADER = YES;
				CLANG_WARN_RANGE_LOOP_ANALYSIS = YES;
				CLANG_WARN_STRICT_PROTOTYPES = YES;
				CLANG_WARN_SUSPICIOUS_MOVE = YES;
				CLANG_WARN_UNGUARDED_AVAILABILITY = YES_AGGRESSIVE;
				CLANG_WARN_UNREACHABLE_CODE = YES;
				CLANG_WARN__DUPLICATE_METHOD_MATCH = YES;
				COPY_PHASE_STRIP = NO;
				DEBUG_INFORMATION_FORMAT = dwarf;
				ENABLE_STRICT_OBJC_MSGSEND = YES;
				ENABLE_TESTABILITY = YES;
				GCC_C_LANGUAGE_STANDARD = gnu11;
				GCC_DYNAMIC_NO_PIC = NO;
				GCC_NO_COMMON_BLOCKS = YES;
				GCC_OPTIMIZATION_LEVEL = 0;
				GCC_PREPROCESSOR_DEFINITIONS = (
					"DEBUG=1",
					"$(inherited)",
				);
				GCC_WARN_64_TO_32_BIT_CONVERSION = YES;
				GCC_WARN_ABOUT_RETURN_TYPE = YES_ERROR;
				GCC_WARN_UNDECLARED_SELECTOR = YES;
				GCC_WARN_UNINITIALIZED_AUTOS = YES_AGGRESSIVE;
				GCC_WARN_UNUSED_FUNCTION = YES;
				GCC_WARN_UNUSED_VARIABLE = YES;
				IPHONEOS_DEPLOYMENT_TARGET = 14.0;
				MTL_ENABLE_DEBUG_INFO = INCLUDE_SOURCE;
				MTL_FAST_MATH = YES;
				ONLY_ACTIVE_ARCH = YES;
				SDKROOT = iphoneos;
				SWIFT_ACTIVE_COMPILATION_CONDITIONS = DEBUG;
				SWIFT_OPTIMIZATION_LEVEL = "-Onone";
				SWIFT_VERSION = 5.0;
				TARGETED_DEVICE_FAMILY = 2;
			};
			name = Debug;
		};
		705B2C24252C060300DDC7B8 /* Release */ = {
			isa = XCBuildConfiguration;
			buildSettings = {
				ALWAYS_SEARCH_USER_PATHS = NO;
				CLANG_ANALYZER_NONNULL = YES;
				CLANG_ANALYZER_NUMBER_OBJECT_CONVERSION = YES_AGGRESSIVE;
				CLANG_CXX_LANGUAGE_STANDARD = "gnu++14";
				CLANG_CXX_LIBRARY = "libc++";
				CLANG_ENABLE_MODULES = YES;
				CLANG_ENABLE_OBJC_ARC = YES;
				CLANG_ENABLE_OBJC_WEAK = YES;
				CLANG_WARN_BLOCK_CAPTURE_AUTORELEASING = YES;
				CLANG_WARN_BOOL_CONVERSION = YES;
				CLANG_WARN_COMMA = YES;
				CLANG_WARN_CONSTANT_CONVERSION = YES;
				CLANG_WARN_DEPRECATED_OBJC_IMPLEMENTATIONS = YES;
				CLANG_WARN_DIRECT_OBJC_ISA_USAGE = YES_ERROR;
				CLANG_WARN_DOCUMENTATION_COMMENTS = YES;
				CLANG_WARN_EMPTY_BODY = YES;
				CLANG_WARN_ENUM_CONVERSION = YES;
				CLANG_WARN_INFINITE_RECURSION = YES;
				CLANG_WARN_INT_CONVERSION = YES;
				CLANG_WARN_NON_LITERAL_NULL_CONVERSION = YES;
				CLANG_WARN_OBJC_IMPLICIT_RETAIN_SELF = YES;
				CLANG_WARN_OBJC_LITERAL_CONVERSION = YES;
				CLANG_WARN_OBJC_ROOT_CLASS = YES_ERROR;
				CLANG_WARN_QUOTED_INCLUDE_IN_FRAMEWORK_HEADER = YES;
				CLANG_WARN_RANGE_LOOP_ANALYSIS = YES;
				CLANG_WARN_STRICT_PROTOTYPES = YES;
				CLANG_WARN_SUSPICIOUS_MOVE = YES;
				CLANG_WARN_UNGUARDED_AVAILABILITY = YES_AGGRESSIVE;
				CLANG_WARN_UNREACHABLE_CODE = YES;
				CLANG_WARN__DUPLICATE_METHOD_MATCH = YES;
				COPY_PHASE_STRIP = NO;
				DEBUG_INFORMATION_FORMAT = "dwarf-with-dsym";
				ENABLE_NS_ASSERTIONS = NO;
				ENABLE_STRICT_OBJC_MSGSEND = YES;
				GCC_C_LANGUAGE_STANDARD = gnu11;
				GCC_NO_COMMON_BLOCKS = YES;
				GCC_WARN_64_TO_32_BIT_CONVERSION = YES;
				GCC_WARN_ABOUT_RETURN_TYPE = YES_ERROR;
				GCC_WARN_UNDECLARED_SELECTOR = YES;
				GCC_WARN_UNINITIALIZED_AUTOS = YES_AGGRESSIVE;
				GCC_WARN_UNUSED_FUNCTION = YES;
				GCC_WARN_UNUSED_VARIABLE = YES;
				IPHONEOS_DEPLOYMENT_TARGET = 14.0;
				MTL_ENABLE_DEBUG_INFO = NO;
				MTL_FAST_MATH = YES;
				SDKROOT = iphoneos;
				SWIFT_COMPILATION_MODE = wholemodule;
				SWIFT_OPTIMIZATION_LEVEL = "-O";
				SWIFT_VERSION = 5.0;
				TARGETED_DEVICE_FAMILY = 2;
				VALIDATE_PRODUCT = YES;
			};
			name = Release;
		};
		705B2C26252C060300DDC7B8 /* Debug */ = {
			isa = XCBuildConfiguration;
			baseConfigurationReference = 1FEDCDB5E60120D983808C56 /* Pods-MemoryLane.debug.xcconfig */;
			buildSettings = {
				ASSETCATALOG_COMPILER_APPICON_NAME = AppIcon;
				ASSETCATALOG_COMPILER_GLOBAL_ACCENT_COLOR_NAME = AccentColor;
				CODE_SIGN_STYLE = Automatic;
				DEVELOPMENT_TEAM = GU2J7JAR56;
				FRAMEWORK_SEARCH_PATHS = (
					"$(inherited)",
					"$(PROJECT_DIR)/MemoryLane",
				);
				INFOPLIST_FILE = MemoryLane/Info.plist;
				LD_RUNPATH_SEARCH_PATHS = (
					"$(inherited)",
					"@executable_path/Frameworks",
				);
				MARKETING_VERSION = 1.1.0;
				PRODUCT_BUNDLE_IDENTIFIER = com.gix.MemoryLane;
				PRODUCT_NAME = "$(TARGET_NAME)";
				SWIFT_VERSION = 5.0;
				TARGETED_DEVICE_FAMILY = 2;
			};
			name = Debug;
		};
		705B2C27252C060300DDC7B8 /* Release */ = {
			isa = XCBuildConfiguration;
			baseConfigurationReference = D03118EFCC12E36CBF6CC13E /* Pods-MemoryLane.release.xcconfig */;
			buildSettings = {
				ASSETCATALOG_COMPILER_APPICON_NAME = AppIcon;
				ASSETCATALOG_COMPILER_GLOBAL_ACCENT_COLOR_NAME = AccentColor;
				CODE_SIGN_STYLE = Automatic;
				DEVELOPMENT_TEAM = GU2J7JAR56;
				FRAMEWORK_SEARCH_PATHS = (
					"$(inherited)",
					"$(PROJECT_DIR)/MemoryLane",
				);
				INFOPLIST_FILE = MemoryLane/Info.plist;
				LD_RUNPATH_SEARCH_PATHS = (
					"$(inherited)",
					"@executable_path/Frameworks",
				);
				MARKETING_VERSION = 1.1.0;
				PRODUCT_BUNDLE_IDENTIFIER = com.gix.MemoryLane;
				PRODUCT_NAME = "$(TARGET_NAME)";
				SWIFT_VERSION = 5.0;
				TARGETED_DEVICE_FAMILY = 2;
			};
			name = Release;
		};
		705B2C29252C060300DDC7B8 /* Debug */ = {
			isa = XCBuildConfiguration;
			baseConfigurationReference = C1AC7872C482D2C1C5C6D766 /* Pods-MemoryLaneTests.debug.xcconfig */;
			buildSettings = {
				ALWAYS_EMBED_SWIFT_STANDARD_LIBRARIES = YES;
				BUNDLE_LOADER = "$(TEST_HOST)";
				CODE_SIGN_STYLE = Automatic;
				DEVELOPMENT_TEAM = GU2J7JAR56;
				INFOPLIST_FILE = MemoryLaneTests/Info.plist;
				IPHONEOS_DEPLOYMENT_TARGET = 14.0;
				LD_RUNPATH_SEARCH_PATHS = (
					"$(inherited)",
					"@executable_path/Frameworks",
					"@loader_path/Frameworks",
				);
				PRODUCT_BUNDLE_IDENTIFIER = com.gix.MemoryLaneTests;
				PRODUCT_NAME = "$(TARGET_NAME)";
				SWIFT_VERSION = 5.0;
				TARGETED_DEVICE_FAMILY = 2;
				TEST_HOST = "$(BUILT_PRODUCTS_DIR)/MemoryLane.app/MemoryLane";
			};
			name = Debug;
		};
		705B2C2A252C060300DDC7B8 /* Release */ = {
			isa = XCBuildConfiguration;
			baseConfigurationReference = 3734234EA75CDEF3845618EA /* Pods-MemoryLaneTests.release.xcconfig */;
			buildSettings = {
				ALWAYS_EMBED_SWIFT_STANDARD_LIBRARIES = YES;
				BUNDLE_LOADER = "$(TEST_HOST)";
				CODE_SIGN_STYLE = Automatic;
				DEVELOPMENT_TEAM = GU2J7JAR56;
				INFOPLIST_FILE = MemoryLaneTests/Info.plist;
				IPHONEOS_DEPLOYMENT_TARGET = 14.0;
				LD_RUNPATH_SEARCH_PATHS = (
					"$(inherited)",
					"@executable_path/Frameworks",
					"@loader_path/Frameworks",
				);
				PRODUCT_BUNDLE_IDENTIFIER = com.gix.MemoryLaneTests;
				PRODUCT_NAME = "$(TARGET_NAME)";
				SWIFT_VERSION = 5.0;
				TARGETED_DEVICE_FAMILY = 2;
				TEST_HOST = "$(BUILT_PRODUCTS_DIR)/MemoryLane.app/MemoryLane";
			};
			name = Release;
		};
		705B2C2C252C060300DDC7B8 /* Debug */ = {
			isa = XCBuildConfiguration;
			baseConfigurationReference = 3788575DB49A853FB45B308F /* Pods-MemoryLane-MemoryLaneUITests.debug.xcconfig */;
			buildSettings = {
				ALWAYS_EMBED_SWIFT_STANDARD_LIBRARIES = YES;
				CODE_SIGN_STYLE = Automatic;
				DEVELOPMENT_TEAM = GU2J7JAR56;
				INFOPLIST_FILE = MemoryLaneUITests/Info.plist;
				LD_RUNPATH_SEARCH_PATHS = (
					"$(inherited)",
					"@executable_path/Frameworks",
					"@loader_path/Frameworks",
				);
				PRODUCT_BUNDLE_IDENTIFIER = com.gix.MemoryLaneUITests;
				PRODUCT_NAME = "$(TARGET_NAME)";
				SWIFT_VERSION = 5.0;
				TARGETED_DEVICE_FAMILY = "1,2";
				TEST_TARGET_NAME = MemoryLane;
			};
			name = Debug;
		};
		705B2C2D252C060300DDC7B8 /* Release */ = {
			isa = XCBuildConfiguration;
			baseConfigurationReference = 466449ADA3ADEF841D379023 /* Pods-MemoryLane-MemoryLaneUITests.release.xcconfig */;
			buildSettings = {
				ALWAYS_EMBED_SWIFT_STANDARD_LIBRARIES = YES;
				CODE_SIGN_STYLE = Automatic;
				DEVELOPMENT_TEAM = GU2J7JAR56;
				INFOPLIST_FILE = MemoryLaneUITests/Info.plist;
				LD_RUNPATH_SEARCH_PATHS = (
					"$(inherited)",
					"@executable_path/Frameworks",
					"@loader_path/Frameworks",
				);
				PRODUCT_BUNDLE_IDENTIFIER = com.gix.MemoryLaneUITests;
				PRODUCT_NAME = "$(TARGET_NAME)";
				SWIFT_VERSION = 5.0;
				TARGETED_DEVICE_FAMILY = "1,2";
				TEST_TARGET_NAME = MemoryLane;
			};
			name = Release;
		};
/* End XCBuildConfiguration section */

/* Begin XCConfigurationList section */
		705B2BF6252C05FF00DDC7B8 /* Build configuration list for PBXProject "MemoryLane" */ = {
			isa = XCConfigurationList;
			buildConfigurations = (
				705B2C23252C060300DDC7B8 /* Debug */,
				705B2C24252C060300DDC7B8 /* Release */,
			);
			defaultConfigurationIsVisible = 0;
			defaultConfigurationName = Release;
		};
		705B2C25252C060300DDC7B8 /* Build configuration list for PBXNativeTarget "MemoryLane" */ = {
			isa = XCConfigurationList;
			buildConfigurations = (
				705B2C26252C060300DDC7B8 /* Debug */,
				705B2C27252C060300DDC7B8 /* Release */,
			);
			defaultConfigurationIsVisible = 0;
			defaultConfigurationName = Release;
		};
		705B2C28252C060300DDC7B8 /* Build configuration list for PBXNativeTarget "MemoryLaneTests" */ = {
			isa = XCConfigurationList;
			buildConfigurations = (
				705B2C29252C060300DDC7B8 /* Debug */,
				705B2C2A252C060300DDC7B8 /* Release */,
			);
			defaultConfigurationIsVisible = 0;
			defaultConfigurationName = Release;
		};
		705B2C2B252C060300DDC7B8 /* Build configuration list for PBXNativeTarget "MemoryLaneUITests" */ = {
			isa = XCConfigurationList;
			buildConfigurations = (
				705B2C2C252C060300DDC7B8 /* Debug */,
				705B2C2D252C060300DDC7B8 /* Release */,
			);
			defaultConfigurationIsVisible = 0;
			defaultConfigurationName = Release;
		};
/* End XCConfigurationList section */
	};
	rootObject = 705B2BF3252C05FF00DDC7B8 /* Project object */;
}
