// !$*UTF8*$!
{
	archiveVersion = 1;
	classes = {
	};
	objectVersion = 50;
	objects = {

/* Begin PBXBuildFile section */
		7054C3F0253430B2004D9ADD /* ObjectScanViewController.swift in Sources */ = {isa = PBXBuildFile; fileRef = 7054C3EF253430B2004D9ADD /* ObjectScanViewController.swift */; };
		7054C3FD25343B85004D9ADD /* ObjectScan.swift in Sources */ = {isa = PBXBuildFile; fileRef = 7054C3FC25343B85004D9ADD /* ObjectScan.swift */; };
		7054C40F253828F8004D9ADD /* MemoryLaneMLModel 2.mlmodel in Sources */ = {isa = PBXBuildFile; fileRef = 7054C40E253828F8004D9ADD /* MemoryLaneMLModel 2.mlmodel */; };
		705B2BFF252C05FF00DDC7B8 /* AppDelegate.swift in Sources */ = {isa = PBXBuildFile; fileRef = 705B2BFE252C05FF00DDC7B8 /* AppDelegate.swift */; };
		705B2C01252C05FF00DDC7B8 /* SceneDelegate.swift in Sources */ = {isa = PBXBuildFile; fileRef = 705B2C00252C05FF00DDC7B8 /* SceneDelegate.swift */; };
		705B2C03252C05FF00DDC7B8 /* ViewController.swift in Sources */ = {isa = PBXBuildFile; fileRef = 705B2C02252C05FF00DDC7B8 /* ViewController.swift */; };
		705B2C06252C05FF00DDC7B8 /* Main.storyboard in Resources */ = {isa = PBXBuildFile; fileRef = 705B2C04252C05FF00DDC7B8 /* Main.storyboard */; };
		705B2C08252C060200DDC7B8 /* Assets.xcassets in Resources */ = {isa = PBXBuildFile; fileRef = 705B2C07252C060200DDC7B8 /* Assets.xcassets */; };
		705B2C0B252C060200DDC7B8 /* LaunchScreen.storyboard in Resources */ = {isa = PBXBuildFile; fileRef = 705B2C09252C060200DDC7B8 /* LaunchScreen.storyboard */; };
		705B2C16252C060300DDC7B8 /* MemoryLaneTests.swift in Sources */ = {isa = PBXBuildFile; fileRef = 705B2C15252C060300DDC7B8 /* MemoryLaneTests.swift */; };
		705B2C21252C060300DDC7B8 /* MemoryLaneUITests.swift in Sources */ = {isa = PBXBuildFile; fileRef = 705B2C20252C060300DDC7B8 /* MemoryLaneUITests.swift */; };
		70C4EB86253EB5B400799355 /* Double+roundToDecimal.swift in Sources */ = {isa = PBXBuildFile; fileRef = 70C4EB85253EB5B400799355 /* Double+roundToDecimal.swift */; };
		70F2BE74253EB6D300A3B959 /* CALayer+isLight.swift in Sources */ = {isa = PBXBuildFile; fileRef = 70F2BE73253EB6D300A3B959 /* CALayer+isLight.swift */; };
		70F2BE79253EBAE900A3B959 /* UIImage+withAlphaComponent.swift in Sources */ = {isa = PBXBuildFile; fileRef = 70F2BE78253EBAE900A3B959 /* UIImage+withAlphaComponent.swift */; };
		70F2BE7E253EBB8700A3B959 /* UIColor+isLight.swift in Sources */ = {isa = PBXBuildFile; fileRef = 70F2BE7D253EBB8700A3B959 /* UIColor+isLight.swift */; };
		70F2BE83253EBBB900A3B959 /* UIViewController+showToast.swift in Sources */ = {isa = PBXBuildFile; fileRef = 70F2BE82253EBBB900A3B959 /* UIViewController+showToast.swift */; };
		70F2BE8D253F75CA00A3B959 /* CorrectSound.mp3 in Resources */ = {isa = PBXBuildFile; fileRef = 70F2BE8C253F75CA00A3B959 /* CorrectSound.mp3 */; };
/* End PBXBuildFile section */

/* Begin PBXContainerItemProxy section */
		705B2C12252C060300DDC7B8 /* PBXContainerItemProxy */ = {
			isa = PBXContainerItemProxy;
			containerPortal = 705B2BF3252C05FF00DDC7B8 /* Project object */;
			proxyType = 1;
			remoteGlobalIDString = 705B2BFA252C05FF00DDC7B8;
			remoteInfo = MemoryLane;
		};
		705B2C1D252C060300DDC7B8 /* PBXContainerItemProxy */ = {
			isa = PBXContainerItemProxy;
			containerPortal = 705B2BF3252C05FF00DDC7B8 /* Project object */;
			proxyType = 1;
			remoteGlobalIDString = 705B2BFA252C05FF00DDC7B8;
			remoteInfo = MemoryLane;
		};
/* End PBXContainerItemProxy section */

/* Begin PBXFileReference section */
		7054C3EF253430B2004D9ADD /* ObjectScanViewController.swift */ = {isa = PBXFileReference; lastKnownFileType = sourcecode.swift; path = ObjectScanViewController.swift; sourceTree = "<group>"; };
		7054C3FC25343B85004D9ADD /* ObjectScan.swift */ = {isa = PBXFileReference; lastKnownFileType = sourcecode.swift; path = ObjectScan.swift; sourceTree = "<group>"; };
		7054C40E253828F8004D9ADD /* MemoryLaneMLModel 2.mlmodel */ = {isa = PBXFileReference; lastKnownFileType = file.mlmodel; name = "MemoryLaneMLModel 2.mlmodel"; path = "MemoryLane/MemoryLaneMLModel 2.mlmodel"; sourceTree = SOURCE_ROOT; };
		705B2BFB252C05FF00DDC7B8 /* MemoryLane.app */ = {isa = PBXFileReference; explicitFileType = wrapper.application; includeInIndex = 0; path = MemoryLane.app; sourceTree = BUILT_PRODUCTS_DIR; };
		705B2BFE252C05FF00DDC7B8 /* AppDelegate.swift */ = {isa = PBXFileReference; lastKnownFileType = sourcecode.swift; path = AppDelegate.swift; sourceTree = "<group>"; };
		705B2C00252C05FF00DDC7B8 /* SceneDelegate.swift */ = {isa = PBXFileReference; lastKnownFileType = sourcecode.swift; path = SceneDelegate.swift; sourceTree = "<group>"; };
		705B2C02252C05FF00DDC7B8 /* ViewController.swift */ = {isa = PBXFileReference; lastKnownFileType = sourcecode.swift; path = ViewController.swift; sourceTree = "<group>"; };
		705B2C05252C05FF00DDC7B8 /* Base */ = {isa = PBXFileReference; lastKnownFileType = file.storyboard; name = Base; path = Base.lproj/Main.storyboard; sourceTree = "<group>"; };
		705B2C07252C060200DDC7B8 /* Assets.xcassets */ = {isa = PBXFileReference; lastKnownFileType = folder.assetcatalog; path = Assets.xcassets; sourceTree = "<group>"; };
		705B2C0A252C060200DDC7B8 /* Base */ = {isa = PBXFileReference; lastKnownFileType = file.storyboard; name = Base; path = Base.lproj/LaunchScreen.storyboard; sourceTree = "<group>"; };
		705B2C0C252C060200DDC7B8 /* Info.plist */ = {isa = PBXFileReference; lastKnownFileType = text.plist.xml; path = Info.plist; sourceTree = "<group>"; };
		705B2C11252C060300DDC7B8 /* MemoryLaneTests.xctest */ = {isa = PBXFileReference; explicitFileType = wrapper.cfbundle; includeInIndex = 0; path = MemoryLaneTests.xctest; sourceTree = BUILT_PRODUCTS_DIR; };
		705B2C15252C060300DDC7B8 /* MemoryLaneTests.swift */ = {isa = PBXFileReference; lastKnownFileType = sourcecode.swift; path = MemoryLaneTests.swift; sourceTree = "<group>"; };
		705B2C17252C060300DDC7B8 /* Info.plist */ = {isa = PBXFileReference; lastKnownFileType = text.plist.xml; path = Info.plist; sourceTree = "<group>"; };
		705B2C1C252C060300DDC7B8 /* MemoryLaneUITests.xctest */ = {isa = PBXFileReference; explicitFileType = wrapper.cfbundle; includeInIndex = 0; path = MemoryLaneUITests.xctest; sourceTree = BUILT_PRODUCTS_DIR; };
		705B2C20252C060300DDC7B8 /* MemoryLaneUITests.swift */ = {isa = PBXFileReference; lastKnownFileType = sourcecode.swift; path = MemoryLaneUITests.swift; sourceTree = "<group>"; };
		705B2C22252C060300DDC7B8 /* Info.plist */ = {isa = PBXFileReference; lastKnownFileType = text.plist.xml; path = Info.plist; sourceTree = "<group>"; };
		70C4EB85253EB5B400799355 /* Double+roundToDecimal.swift */ = {isa = PBXFileReference; lastKnownFileType = sourcecode.swift; path = "Double+roundToDecimal.swift"; sourceTree = "<group>"; };
		70F2BE73253EB6D300A3B959 /* CALayer+isLight.swift */ = {isa = PBXFileReference; lastKnownFileType = sourcecode.swift; path = "CALayer+isLight.swift"; sourceTree = "<group>"; };
		70F2BE78253EBAE900A3B959 /* UIImage+withAlphaComponent.swift */ = {isa = PBXFileReference; lastKnownFileType = sourcecode.swift; path = "UIImage+withAlphaComponent.swift"; sourceTree = "<group>"; };
		70F2BE7D253EBB8700A3B959 /* UIColor+isLight.swift */ = {isa = PBXFileReference; lastKnownFileType = sourcecode.swift; name = "UIColor+isLight.swift"; path = "MemoryLane/UIColor+isLight.swift"; sourceTree = SOURCE_ROOT; };
		70F2BE82253EBBB900A3B959 /* UIViewController+showToast.swift */ = {isa = PBXFileReference; lastKnownFileType = sourcecode.swift; name = "UIViewController+showToast.swift"; path = "MemoryLane/UIViewController+showToast.swift"; sourceTree = SOURCE_ROOT; };
		70F2BE8C253F75CA00A3B959 /* CorrectSound.mp3 */ = {isa = PBXFileReference; lastKnownFileType = audio.mp3; path = CorrectSound.mp3; sourceTree = "<group>"; };
/* End PBXFileReference section */

/* Begin PBXFrameworksBuildPhase section */
		705B2BF8252C05FF00DDC7B8 /* Frameworks */ = {
			isa = PBXFrameworksBuildPhase;
			buildActionMask = 2147483647;
			files = (
			);
			runOnlyForDeploymentPostprocessing = 0;
		};
		705B2C0E252C060300DDC7B8 /* Frameworks */ = {
			isa = PBXFrameworksBuildPhase;
			buildActionMask = 2147483647;
			files = (
			);
			runOnlyForDeploymentPostprocessing = 0;
		};
		705B2C19252C060300DDC7B8 /* Frameworks */ = {
			isa = PBXFrameworksBuildPhase;
			buildActionMask = 2147483647;
			files = (
			);
			runOnlyForDeploymentPostprocessing = 0;
		};
/* End PBXFrameworksBuildPhase section */

/* Begin PBXGroup section */
		705B2BF2252C05FF00DDC7B8 = {
			isa = PBXGroup;
			children = (
				705B2BFD252C05FF00DDC7B8 /* MemoryLane */,
				705B2C14252C060300DDC7B8 /* MemoryLaneTests */,
				705B2C1F252C060300DDC7B8 /* MemoryLaneUITests */,
				705B2BFC252C05FF00DDC7B8 /* Products */,
			);
			sourceTree = "<group>";
		};
		705B2BFC252C05FF00DDC7B8 /* Products */ = {
			isa = PBXGroup;
			children = (
				705B2BFB252C05FF00DDC7B8 /* MemoryLane.app */,
				705B2C11252C060300DDC7B8 /* MemoryLaneTests.xctest */,
				705B2C1C252C060300DDC7B8 /* MemoryLaneUITests.xctest */,
			);
			name = Products;
			sourceTree = "<group>";
		};
		705B2BFD252C05FF00DDC7B8 /* MemoryLane */ = {
			isa = PBXGroup;
			children = (
				70F2BE87253F749700A3B959 /* Audio */,
				70C4EB84253EB4FC00799355 /* Extensions */,
				705B2BFE252C05FF00DDC7B8 /* AppDelegate.swift */,
				705B2C04252C05FF00DDC7B8 /* Main.storyboard */,
				705B2C00252C05FF00DDC7B8 /* SceneDelegate.swift */,
				705B2C02252C05FF00DDC7B8 /* ViewController.swift */,
				705B2C07252C060200DDC7B8 /* Assets.xcassets */,
				705B2C09252C060200DDC7B8 /* LaunchScreen.storyboard */,
				705B2C0C252C060200DDC7B8 /* Info.plist */,
				7054C40E253828F8004D9ADD /* MemoryLaneMLModel 2.mlmodel */,
				7054C3EF253430B2004D9ADD /* ObjectScanViewController.swift */,
				7054C3FC25343B85004D9ADD /* ObjectScan.swift */,
			);
			path = MemoryLane;
			sourceTree = "<group>";
		};
		705B2C14252C060300DDC7B8 /* MemoryLaneTests */ = {
			isa = PBXGroup;
			children = (
				705B2C15252C060300DDC7B8 /* MemoryLaneTests.swift */,
				705B2C17252C060300DDC7B8 /* Info.plist */,
			);
			path = MemoryLaneTests;
			sourceTree = "<group>";
		};
		705B2C1F252C060300DDC7B8 /* MemoryLaneUITests */ = {
			isa = PBXGroup;
			children = (
				705B2C20252C060300DDC7B8 /* MemoryLaneUITests.swift */,
				705B2C22252C060300DDC7B8 /* Info.plist */,
			);
			path = MemoryLaneUITests;
			sourceTree = "<group>";
		};
		70C4EB84253EB4FC00799355 /* Extensions */ = {
			isa = PBXGroup;
			children = (
				70F2BE82253EBBB900A3B959 /* UIViewController+showToast.swift */,
				70F2BE7D253EBB8700A3B959 /* UIColor+isLight.swift */,
				70C4EB85253EB5B400799355 /* Double+roundToDecimal.swift */,
				70F2BE73253EB6D300A3B959 /* CALayer+isLight.swift */,
				70F2BE78253EBAE900A3B959 /* UIImage+withAlphaComponent.swift */,
			);
			path = Extensions;
			sourceTree = "<group>";
		};
		70F2BE87253F749700A3B959 /* Audio */ = {
			isa = PBXGroup;
			children = (
				70F2BE8C253F75CA00A3B959 /* CorrectSound.mp3 */,
			);
			path = Audio;
			sourceTree = "<group>";
		};
/* End PBXGroup section */

/* Begin PBXNativeTarget section */
		705B2BFA252C05FF00DDC7B8 /* MemoryLane */ = {
			isa = PBXNativeTarget;
			buildConfigurationList = 705B2C25252C060300DDC7B8 /* Build configuration list for PBXNativeTarget "MemoryLane" */;
			buildPhases = (
				705B2BF7252C05FF00DDC7B8 /* Sources */,
				705B2BF8252C05FF00DDC7B8 /* Frameworks */,
				705B2BF9252C05FF00DDC7B8 /* Resources */,
			);
			buildRules = (
			);
			dependencies = (
			);
			name = MemoryLane;
			productName = MemoryLane;
			productReference = 705B2BFB252C05FF00DDC7B8 /* MemoryLane.app */;
			productType = "com.apple.product-type.application";
		};
		705B2C10252C060300DDC7B8 /* MemoryLaneTests */ = {
			isa = PBXNativeTarget;
			buildConfigurationList = 705B2C28252C060300DDC7B8 /* Build configuration list for PBXNativeTarget "MemoryLaneTests" */;
			buildPhases = (
				705B2C0D252C060300DDC7B8 /* Sources */,
				705B2C0E252C060300DDC7B8 /* Frameworks */,
				705B2C0F252C060300DDC7B8 /* Resources */,
			);
			buildRules = (
			);
			dependencies = (
				705B2C13252C060300DDC7B8 /* PBXTargetDependency */,
			);
			name = MemoryLaneTests;
			productName = MemoryLaneTests;
			productReference = 705B2C11252C060300DDC7B8 /* MemoryLaneTests.xctest */;
			productType = "com.apple.product-type.bundle.unit-test";
		};
		705B2C1B252C060300DDC7B8 /* MemoryLaneUITests */ = {
			isa = PBXNativeTarget;
			buildConfigurationList = 705B2C2B252C060300DDC7B8 /* Build configuration list for PBXNativeTarget "MemoryLaneUITests" */;
			buildPhases = (
				705B2C18252C060300DDC7B8 /* Sources */,
				705B2C19252C060300DDC7B8 /* Frameworks */,
				705B2C1A252C060300DDC7B8 /* Resources */,
			);
			buildRules = (
			);
			dependencies = (
				705B2C1E252C060300DDC7B8 /* PBXTargetDependency */,
			);
			name = MemoryLaneUITests;
			productName = MemoryLaneUITests;
			productReference = 705B2C1C252C060300DDC7B8 /* MemoryLaneUITests.xctest */;
			productType = "com.apple.product-type.bundle.ui-testing";
		};
/* End PBXNativeTarget section */

/* Begin PBXProject section */
		705B2BF3252C05FF00DDC7B8 /* Project object */ = {
			isa = PBXProject;
			attributes = {
				LastSwiftUpdateCheck = 1200;
				LastUpgradeCheck = 1200;
				TargetAttributes = {
					705B2BFA252C05FF00DDC7B8 = {
						CreatedOnToolsVersion = 12.0.1;
					};
					705B2C10252C060300DDC7B8 = {
						CreatedOnToolsVersion = 12.0.1;
						TestTargetID = 705B2BFA252C05FF00DDC7B8;
					};
					705B2C1B252C060300DDC7B8 = {
						CreatedOnToolsVersion = 12.0.1;
						TestTargetID = 705B2BFA252C05FF00DDC7B8;
					};
				};
			};
			buildConfigurationList = 705B2BF6252C05FF00DDC7B8 /* Build configuration list for PBXProject "MemoryLane" */;
			compatibilityVersion = "Xcode 9.3";
			developmentRegion = en;
			hasScannedForEncodings = 0;
			knownRegions = (
				en,
				Base,
			);
			mainGroup = 705B2BF2252C05FF00DDC7B8;
			productRefGroup = 705B2BFC252C05FF00DDC7B8 /* Products */;
			projectDirPath = "";
			projectRoot = "";
			targets = (
				705B2BFA252C05FF00DDC7B8 /* MemoryLane */,
				705B2C10252C060300DDC7B8 /* MemoryLaneTests */,
				705B2C1B252C060300DDC7B8 /* MemoryLaneUITests */,
			);
		};
/* End PBXProject section */

/* Begin PBXResourcesBuildPhase section */
		705B2BF9252C05FF00DDC7B8 /* Resources */ = {
			isa = PBXResourcesBuildPhase;
			buildActionMask = 2147483647;
			files = (
				705B2C0B252C060200DDC7B8 /* LaunchScreen.storyboard in Resources */,
				70F2BE8D253F75CA00A3B959 /* CorrectSound.mp3 in Resources */,
				705B2C08252C060200DDC7B8 /* Assets.xcassets in Resources */,
				705B2C06252C05FF00DDC7B8 /* Main.storyboard in Resources */,
			);
			runOnlyForDeploymentPostprocessing = 0;
		};
		705B2C0F252C060300DDC7B8 /* Resources */ = {
			isa = PBXResourcesBuildPhase;
			buildActionMask = 2147483647;
			files = (
			);
			runOnlyForDeploymentPostprocessing = 0;
		};
		705B2C1A252C060300DDC7B8 /* Resources */ = {
			isa = PBXResourcesBuildPhase;
			buildActionMask = 2147483647;
			files = (
			);
			runOnlyForDeploymentPostprocessing = 0;
		};
/* End PBXResourcesBuildPhase section */

/* Begin PBXSourcesBuildPhase section */
		705B2BF7252C05FF00DDC7B8 /* Sources */ = {
			isa = PBXSourcesBuildPhase;
			buildActionMask = 2147483647;
			files = (
				70F2BE74253EB6D300A3B959 /* CALayer+isLight.swift in Sources */,
				7054C3F0253430B2004D9ADD /* ObjectScanViewController.swift in Sources */,
				70F2BE7E253EBB8700A3B959 /* UIColor+isLight.swift in Sources */,
				705B2C03252C05FF00DDC7B8 /* ViewController.swift in Sources */,
				705B2BFF252C05FF00DDC7B8 /* AppDelegate.swift in Sources */,
				7054C3FD25343B85004D9ADD /* ObjectScan.swift in Sources */,
				7054C40F253828F8004D9ADD /* MemoryLaneMLModel 2.mlmodel in Sources */,
				70C4EB86253EB5B400799355 /* Double+roundToDecimal.swift in Sources */,
				70F2BE83253EBBB900A3B959 /* UIViewController+showToast.swift in Sources */,
				70F2BE79253EBAE900A3B959 /* UIImage+withAlphaComponent.swift in Sources */,
				705B2C01252C05FF00DDC7B8 /* SceneDelegate.swift in Sources */,
			);
			runOnlyForDeploymentPostprocessing = 0;
		};
		705B2C0D252C060300DDC7B8 /* Sources */ = {
			isa = PBXSourcesBuildPhase;
			buildActionMask = 2147483647;
			files = (
				705B2C16252C060300DDC7B8 /* MemoryLaneTests.swift in Sources */,
			);
			runOnlyForDeploymentPostprocessing = 0;
		};
		705B2C18252C060300DDC7B8 /* Sources */ = {
			isa = PBXSourcesBuildPhase;
			buildActionMask = 2147483647;
			files = (
				705B2C21252C060300DDC7B8 /* MemoryLaneUITests.swift in Sources */,
			);
			runOnlyForDeploymentPostprocessing = 0;
		};
/* End PBXSourcesBuildPhase section */

/* Begin PBXTargetDependency section */
		705B2C13252C060300DDC7B8 /* PBXTargetDependency */ = {
			isa = PBXTargetDependency;
			target = 705B2BFA252C05FF00DDC7B8 /* MemoryLane */;
			targetProxy = 705B2C12252C060300DDC7B8 /* PBXContainerItemProxy */;
		};
		705B2C1E252C060300DDC7B8 /* PBXTargetDependency */ = {
			isa = PBXTargetDependency;
			target = 705B2BFA252C05FF00DDC7B8 /* MemoryLane */;
			targetProxy = 705B2C1D252C060300DDC7B8 /* PBXContainerItemProxy */;
		};
/* End PBXTargetDependency section */

/* Begin PBXVariantGroup section */
		705B2C04252C05FF00DDC7B8 /* Main.storyboard */ = {
			isa = PBXVariantGroup;
			children = (
				705B2C05252C05FF00DDC7B8 /* Base */,
			);
			name = Main.storyboard;
			sourceTree = "<group>";
		};
		705B2C09252C060200DDC7B8 /* LaunchScreen.storyboard */ = {
			isa = PBXVariantGroup;
			children = (
				705B2C0A252C060200DDC7B8 /* Base */,
			);
			name = LaunchScreen.storyboard;
			sourceTree = "<group>";
		};
/* End PBXVariantGroup section */

/* Begin XCBuildConfiguration section */
		705B2C23252C060300DDC7B8 /* Debug */ = {
			isa = XCBuildConfiguration;
			buildSettings = {
				ALWAYS_SEARCH_USER_PATHS = NO;
				CLANG_ANALYZER_NONNULL = YES;
				CLANG_ANALYZER_NUMBER_OBJECT_CONVERSION = YES_AGGRESSIVE;
				CLANG_CXX_LANGUAGE_STANDARD = "gnu++14";
				CLANG_CXX_LIBRARY = "libc++";
				CLANG_ENABLE_MODULES = YES;
				CLANG_ENABLE_OBJC_ARC = YES;
				CLANG_ENABLE_OBJC_WEAK = YES;
				CLANG_WARN_BLOCK_CAPTURE_AUTORELEASING = YES;
				CLANG_WARN_BOOL_CONVERSION = YES;
				CLANG_WARN_COMMA = YES;
				CLANG_WARN_CONSTANT_CONVERSION = YES;
				CLANG_WARN_DEPRECATED_OBJC_IMPLEMENTATIONS = YES;
				CLANG_WARN_DIRECT_OBJC_ISA_USAGE = YES_ERROR;
				CLANG_WARN_DOCUMENTATION_COMMENTS = YES;
				CLANG_WARN_EMPTY_BODY = YES;
				CLANG_WARN_ENUM_CONVERSION = YES;
				CLANG_WARN_INFINITE_RECURSION = YES;
				CLANG_WARN_INT_CONVERSION = YES;
				CLANG_WARN_NON_LITERAL_NULL_CONVERSION = YES;
				CLANG_WARN_OBJC_IMPLICIT_RETAIN_SELF = YES;
				CLANG_WARN_OBJC_LITERAL_CONVERSION = YES;
				CLANG_WARN_OBJC_ROOT_CLASS = YES_ERROR;
				CLANG_WARN_QUOTED_INCLUDE_IN_FRAMEWORK_HEADER = YES;
				CLANG_WARN_RANGE_LOOP_ANALYSIS = YES;
				CLANG_WARN_STRICT_PROTOTYPES = YES;
				CLANG_WARN_SUSPICIOUS_MOVE = YES;
				CLANG_WARN_UNGUARDED_AVAILABILITY = YES_AGGRESSIVE;
				CLANG_WARN_UNREACHABLE_CODE = YES;
				CLANG_WARN__DUPLICATE_METHOD_MATCH = YES;
				COPY_PHASE_STRIP = NO;
				DEBUG_INFORMATION_FORMAT = dwarf;
				ENABLE_STRICT_OBJC_MSGSEND = YES;
				ENABLE_TESTABILITY = YES;
				GCC_C_LANGUAGE_STANDARD = gnu11;
				GCC_DYNAMIC_NO_PIC = NO;
				GCC_NO_COMMON_BLOCKS = YES;
				GCC_OPTIMIZATION_LEVEL = 0;
				GCC_PREPROCESSOR_DEFINITIONS = (
					"DEBUG=1",
					"$(inherited)",
				);
				GCC_WARN_64_TO_32_BIT_CONVERSION = YES;
				GCC_WARN_ABOUT_RETURN_TYPE = YES_ERROR;
				GCC_WARN_UNDECLARED_SELECTOR = YES;
				GCC_WARN_UNINITIALIZED_AUTOS = YES_AGGRESSIVE;
				GCC_WARN_UNUSED_FUNCTION = YES;
				GCC_WARN_UNUSED_VARIABLE = YES;
				IPHONEOS_DEPLOYMENT_TARGET = 14.0;
				MTL_ENABLE_DEBUG_INFO = INCLUDE_SOURCE;
				MTL_FAST_MATH = YES;
				ONLY_ACTIVE_ARCH = YES;
				SDKROOT = iphoneos;
				SWIFT_ACTIVE_COMPILATION_CONDITIONS = DEBUG;
				SWIFT_OPTIMIZATION_LEVEL = "-Onone";
				SWIFT_VERSION = 5.0;
				TARGETED_DEVICE_FAMILY = 2;
			};
			name = Debug;
		};
		705B2C24252C060300DDC7B8 /* Release */ = {
			isa = XCBuildConfiguration;
			buildSettings = {
				ALWAYS_SEARCH_USER_PATHS = NO;
				CLANG_ANALYZER_NONNULL = YES;
				CLANG_ANALYZER_NUMBER_OBJECT_CONVERSION = YES_AGGRESSIVE;
				CLANG_CXX_LANGUAGE_STANDARD = "gnu++14";
				CLANG_CXX_LIBRARY = "libc++";
				CLANG_ENABLE_MODULES = YES;
				CLANG_ENABLE_OBJC_ARC = YES;
				CLANG_ENABLE_OBJC_WEAK = YES;
				CLANG_WARN_BLOCK_CAPTURE_AUTORELEASING = YES;
				CLANG_WARN_BOOL_CONVERSION = YES;
				CLANG_WARN_COMMA = YES;
				CLANG_WARN_CONSTANT_CONVERSION = YES;
				CLANG_WARN_DEPRECATED_OBJC_IMPLEMENTATIONS = YES;
				CLANG_WARN_DIRECT_OBJC_ISA_USAGE = YES_ERROR;
				CLANG_WARN_DOCUMENTATION_COMMENTS = YES;
				CLANG_WARN_EMPTY_BODY = YES;
				CLANG_WARN_ENUM_CONVERSION = YES;
				CLANG_WARN_INFINITE_RECURSION = YES;
				CLANG_WARN_INT_CONVERSION = YES;
				CLANG_WARN_NON_LITERAL_NULL_CONVERSION = YES;
				CLANG_WARN_OBJC_IMPLICIT_RETAIN_SELF = YES;
				CLANG_WARN_OBJC_LITERAL_CONVERSION = YES;
				CLANG_WARN_OBJC_ROOT_CLASS = YES_ERROR;
				CLANG_WARN_QUOTED_INCLUDE_IN_FRAMEWORK_HEADER = YES;
				CLANG_WARN_RANGE_LOOP_ANALYSIS = YES;
				CLANG_WARN_STRICT_PROTOTYPES = YES;
				CLANG_WARN_SUSPICIOUS_MOVE = YES;
				CLANG_WARN_UNGUARDED_AVAILABILITY = YES_AGGRESSIVE;
				CLANG_WARN_UNREACHABLE_CODE = YES;
				CLANG_WARN__DUPLICATE_METHOD_MATCH = YES;
				COPY_PHASE_STRIP = NO;
				DEBUG_INFORMATION_FORMAT = "dwarf-with-dsym";
				ENABLE_NS_ASSERTIONS = NO;
				ENABLE_STRICT_OBJC_MSGSEND = YES;
				GCC_C_LANGUAGE_STANDARD = gnu11;
				GCC_NO_COMMON_BLOCKS = YES;
				GCC_WARN_64_TO_32_BIT_CONVERSION = YES;
				GCC_WARN_ABOUT_RETURN_TYPE = YES_ERROR;
				GCC_WARN_UNDECLARED_SELECTOR = YES;
				GCC_WARN_UNINITIALIZED_AUTOS = YES_AGGRESSIVE;
				GCC_WARN_UNUSED_FUNCTION = YES;
				GCC_WARN_UNUSED_VARIABLE = YES;
				IPHONEOS_DEPLOYMENT_TARGET = 14.0;
				MTL_ENABLE_DEBUG_INFO = NO;
				MTL_FAST_MATH = YES;
				SDKROOT = iphoneos;
				SWIFT_COMPILATION_MODE = wholemodule;
				SWIFT_OPTIMIZATION_LEVEL = "-O";
				SWIFT_VERSION = 5.0;
				TARGETED_DEVICE_FAMILY = 2;
				VALIDATE_PRODUCT = YES;
			};
			name = Release;
		};
		705B2C26252C060300DDC7B8 /* Debug */ = {
			isa = XCBuildConfiguration;
			buildSettings = {
				ASSETCATALOG_COMPILER_APPICON_NAME = AppIcon;
				ASSETCATALOG_COMPILER_GLOBAL_ACCENT_COLOR_NAME = AccentColor;
				CODE_SIGN_STYLE = Automatic;
				DEVELOPMENT_TEAM = GU2J7JAR56;
				INFOPLIST_FILE = MemoryLane/Info.plist;
				LD_RUNPATH_SEARCH_PATHS = (
					"$(inherited)",
					"@executable_path/Frameworks",
				);
				PRODUCT_BUNDLE_IDENTIFIER = com.gix.MemoryLane;
				PRODUCT_NAME = "$(TARGET_NAME)";
				SWIFT_VERSION = 5.0;
				TARGETED_DEVICE_FAMILY = 2;
			};
			name = Debug;
		};
		705B2C27252C060300DDC7B8 /* Release */ = {
			isa = XCBuildConfiguration;
			buildSettings = {
				ASSETCATALOG_COMPILER_APPICON_NAME = AppIcon;
				ASSETCATALOG_COMPILER_GLOBAL_ACCENT_COLOR_NAME = AccentColor;
				CODE_SIGN_STYLE = Automatic;
				DEVELOPMENT_TEAM = GU2J7JAR56;
				INFOPLIST_FILE = MemoryLane/Info.plist;
				LD_RUNPATH_SEARCH_PATHS = (
					"$(inherited)",
					"@executable_path/Frameworks",
				);
				PRODUCT_BUNDLE_IDENTIFIER = com.gix.MemoryLane;
				PRODUCT_NAME = "$(TARGET_NAME)";
				SWIFT_VERSION = 5.0;
				TARGETED_DEVICE_FAMILY = 2;
			};
			name = Release;
		};
		705B2C29252C060300DDC7B8 /* Debug */ = {
			isa = XCBuildConfiguration;
			buildSettings = {
				ALWAYS_EMBED_SWIFT_STANDARD_LIBRARIES = YES;
				BUNDLE_LOADER = "$(TEST_HOST)";
				CODE_SIGN_STYLE = Automatic;
				DEVELOPMENT_TEAM = GU2J7JAR56;
				INFOPLIST_FILE = MemoryLaneTests/Info.plist;
				IPHONEOS_DEPLOYMENT_TARGET = 14.0;
				LD_RUNPATH_SEARCH_PATHS = (
					"$(inherited)",
					"@executable_path/Frameworks",
					"@loader_path/Frameworks",
				);
				PRODUCT_BUNDLE_IDENTIFIER = com.gix.MemoryLaneTests;
				PRODUCT_NAME = "$(TARGET_NAME)";
				SWIFT_VERSION = 5.0;
				TARGETED_DEVICE_FAMILY = "1,2";
				TEST_HOST = "$(BUILT_PRODUCTS_DIR)/MemoryLane.app/MemoryLane";
			};
			name = Debug;
		};
		705B2C2A252C060300DDC7B8 /* Release */ = {
			isa = XCBuildConfiguration;
			buildSettings = {
				ALWAYS_EMBED_SWIFT_STANDARD_LIBRARIES = YES;
				BUNDLE_LOADER = "$(TEST_HOST)";
				CODE_SIGN_STYLE = Automatic;
				DEVELOPMENT_TEAM = GU2J7JAR56;
				INFOPLIST_FILE = MemoryLaneTests/Info.plist;
				IPHONEOS_DEPLOYMENT_TARGET = 14.0;
				LD_RUNPATH_SEARCH_PATHS = (
					"$(inherited)",
					"@executable_path/Frameworks",
					"@loader_path/Frameworks",
				);
				PRODUCT_BUNDLE_IDENTIFIER = com.gix.MemoryLaneTests;
				PRODUCT_NAME = "$(TARGET_NAME)";
				SWIFT_VERSION = 5.0;
				TARGETED_DEVICE_FAMILY = "1,2";
				TEST_HOST = "$(BUILT_PRODUCTS_DIR)/MemoryLane.app/MemoryLane";
			};
			name = Release;
		};
		705B2C2C252C060300DDC7B8 /* Debug */ = {
			isa = XCBuildConfiguration;
			buildSettings = {
				ALWAYS_EMBED_SWIFT_STANDARD_LIBRARIES = YES;
				CODE_SIGN_STYLE = Automatic;
				DEVELOPMENT_TEAM = GU2J7JAR56;
				INFOPLIST_FILE = MemoryLaneUITests/Info.plist;
				LD_RUNPATH_SEARCH_PATHS = (
					"$(inherited)",
					"@executable_path/Frameworks",
					"@loader_path/Frameworks",
				);
				PRODUCT_BUNDLE_IDENTIFIER = com.gix.MemoryLaneUITests;
				PRODUCT_NAME = "$(TARGET_NAME)";
				SWIFT_VERSION = 5.0;
				TARGETED_DEVICE_FAMILY = "1,2";
				TEST_TARGET_NAME = MemoryLane;
			};
			name = Debug;
		};
		705B2C2D252C060300DDC7B8 /* Release */ = {
			isa = XCBuildConfiguration;
			buildSettings = {
				ALWAYS_EMBED_SWIFT_STANDARD_LIBRARIES = YES;
				CODE_SIGN_STYLE = Automatic;
				DEVELOPMENT_TEAM = GU2J7JAR56;
				INFOPLIST_FILE = MemoryLaneUITests/Info.plist;
				LD_RUNPATH_SEARCH_PATHS = (
					"$(inherited)",
					"@executable_path/Frameworks",
					"@loader_path/Frameworks",
				);
				PRODUCT_BUNDLE_IDENTIFIER = com.gix.MemoryLaneUITests;
				PRODUCT_NAME = "$(TARGET_NAME)";
				SWIFT_VERSION = 5.0;
				TARGETED_DEVICE_FAMILY = "1,2";
				TEST_TARGET_NAME = MemoryLane;
			};
			name = Release;
		};
/* End XCBuildConfiguration section */

/* Begin XCConfigurationList section */
		705B2BF6252C05FF00DDC7B8 /* Build configuration list for PBXProject "MemoryLane" */ = {
			isa = XCConfigurationList;
			buildConfigurations = (
				705B2C23252C060300DDC7B8 /* Debug */,
				705B2C24252C060300DDC7B8 /* Release */,
			);
			defaultConfigurationIsVisible = 0;
			defaultConfigurationName = Release;
		};
		705B2C25252C060300DDC7B8 /* Build configuration list for PBXNativeTarget "MemoryLane" */ = {
			isa = XCConfigurationList;
			buildConfigurations = (
				705B2C26252C060300DDC7B8 /* Debug */,
				705B2C27252C060300DDC7B8 /* Release */,
			);
			defaultConfigurationIsVisible = 0;
			defaultConfigurationName = Release;
		};
		705B2C28252C060300DDC7B8 /* Build configuration list for PBXNativeTarget "MemoryLaneTests" */ = {
			isa = XCConfigurationList;
			buildConfigurations = (
				705B2C29252C060300DDC7B8 /* Debug */,
				705B2C2A252C060300DDC7B8 /* Release */,
			);
			defaultConfigurationIsVisible = 0;
			defaultConfigurationName = Release;
		};
		705B2C2B252C060300DDC7B8 /* Build configuration list for PBXNativeTarget "MemoryLaneUITests" */ = {
			isa = XCConfigurationList;
			buildConfigurations = (
				705B2C2C252C060300DDC7B8 /* Debug */,
				705B2C2D252C060300DDC7B8 /* Release */,
			);
			defaultConfigurationIsVisible = 0;
			defaultConfigurationName = Release;
		};
/* End XCConfigurationList section */
	};
	rootObject = 705B2BF3252C05FF00DDC7B8 /* Project object */;
}
